// !$*UTF8*$!
{
	archiveVersion = 1;
	classes = {
	};
	objectVersion = 48;
	objects = {

/* Begin PBXBuildFile section */
		56B87063BCCE8293279BCA95 /* Pods_MelloAppUITests.framework in Frameworks */ = {isa = PBXBuildFile; fileRef = CFFB43605F7FB7A17C359B76 /* Pods_MelloAppUITests.framework */; };
		63033552220E9BCB00256800 /* GoogleService-Info.plist in Resources */ = {isa = PBXBuildFile; fileRef = 63033551220E998300256800 /* GoogleService-Info.plist */; };
		63033554220EA5B000256800 /* FirebaseManager.swift in Sources */ = {isa = PBXBuildFile; fileRef = 63033553220EA5B000256800 /* FirebaseManager.swift */; };
		63033559220F527300256800 /* FirebaseManager+Errors.swift in Sources */ = {isa = PBXBuildFile; fileRef = 63033558220F527300256800 /* FirebaseManager+Errors.swift */; };
		6303355B220F540900256800 /* ViewController+Alert.swift in Sources */ = {isa = PBXBuildFile; fileRef = 6303355A220F540900256800 /* ViewController+Alert.swift */; };
		6343D06022082B0900B790E0 /* LongButton.swift in Sources */ = {isa = PBXBuildFile; fileRef = 6343D05F22082B0900B790E0 /* LongButton.swift */; };
		6343D06222082B3700B790E0 /* ColorPalette.swift in Sources */ = {isa = PBXBuildFile; fileRef = 6343D06122082B3700B790E0 /* ColorPalette.swift */; };
		634F6D5121FED0FC00C665A7 /* AppDelegate.swift in Sources */ = {isa = PBXBuildFile; fileRef = 634F6D5021FED0FC00C665A7 /* AppDelegate.swift */; };
		634F6D5621FED0FC00C665A7 /* Login.storyboard in Resources */ = {isa = PBXBuildFile; fileRef = 634F6D5421FED0FC00C665A7 /* Login.storyboard */; };
		634F6D5821FED0FC00C665A7 /* Assets.xcassets in Resources */ = {isa = PBXBuildFile; fileRef = 634F6D5721FED0FC00C665A7 /* Assets.xcassets */; };
		634F6D5B21FED0FC00C665A7 /* LaunchScreen.storyboard in Resources */ = {isa = PBXBuildFile; fileRef = 634F6D5921FED0FC00C665A7 /* LaunchScreen.storyboard */; };
		634F6D6621FED0FD00C665A7 /* MelloAppTests.swift in Sources */ = {isa = PBXBuildFile; fileRef = 634F6D6521FED0FD00C665A7 /* MelloAppTests.swift */; };
		634F6D7121FED0FD00C665A7 /* MelloAppUITests.swift in Sources */ = {isa = PBXBuildFile; fileRef = 634F6D7021FED0FD00C665A7 /* MelloAppUITests.swift */; };
		636468E522454B1000A76A95 /* CustomTabBar.swift in Sources */ = {isa = PBXBuildFile; fileRef = 636468E422454B1000A76A95 /* CustomTabBar.swift */; };
		636468E92245C25300A76A95 /* StatsView.swift in Sources */ = {isa = PBXBuildFile; fileRef = 636468E82245C25300A76A95 /* StatsView.swift */; };
		636468EE224624D900A76A95 /* HistoryTableViewCell.swift in Sources */ = {isa = PBXBuildFile; fileRef = 636468ED224624D900A76A95 /* HistoryTableViewCell.swift */; };
		63A863FA225F1CD10045E96B /* SleepDataSource.swift in Sources */ = {isa = PBXBuildFile; fileRef = 63A863F9225F1CD10045E96B /* SleepDataSource.swift */; };
		63A863FC225F1D360045E96B /* RelaxBlends.swift in Sources */ = {isa = PBXBuildFile; fileRef = 63A863FB225F1D360045E96B /* RelaxBlends.swift */; };
		63B0DFC72217B4510031BE51 /* blob.gif in Resources */ = {isa = PBXBuildFile; fileRef = 63B0DFC62217B44D0031BE51 /* blob.gif */; };
		63B0DFCB2217B46F0031BE51 /* navlogo.png in Resources */ = {isa = PBXBuildFile; fileRef = 63B0DFC82217B4690031BE51 /* navlogo.png */; };
		63B0DFCE2217B60C0031BE51 /* homelogo.png in Resources */ = {isa = PBXBuildFile; fileRef = 63B0DFCD2217B6080031BE51 /* homelogo.png */; };
		63EE2FF022595C73003A99E3 /* CustomSwitch.swift in Sources */ = {isa = PBXBuildFile; fileRef = 63EE2FED22595C73003A99E3 /* CustomSwitch.swift */; };
		63EE2FF122595C73003A99E3 /* FaceToggle.swift in Sources */ = {isa = PBXBuildFile; fileRef = 63EE2FEE22595C73003A99E3 /* FaceToggle.swift */; };
		63EE2FF222595C73003A99E3 /* PreferenceButton.swift in Sources */ = {isa = PBXBuildFile; fileRef = 63EE2FEF22595C73003A99E3 /* PreferenceButton.swift */; };
		63EE2FF722595C9B003A99E3 /* ModalBaseVC.swift in Sources */ = {isa = PBXBuildFile; fileRef = 63EE2FF422595C9B003A99E3 /* ModalBaseVC.swift */; };
		63EE2FF822595C9B003A99E3 /* ModalPresentationAnimationVC.swift in Sources */ = {isa = PBXBuildFile; fileRef = 63EE2FF522595C9B003A99E3 /* ModalPresentationAnimationVC.swift */; };
		63EE2FF922595C9B003A99E3 /* ModalPresentationVC.swift in Sources */ = {isa = PBXBuildFile; fileRef = 63EE2FF622595C9B003A99E3 /* ModalPresentationVC.swift */; };
		63EE2FFB22595CC7003A99E3 /* Notifications.swift in Sources */ = {isa = PBXBuildFile; fileRef = 63EE2FFA22595CC7003A99E3 /* Notifications.swift */; };
		63EE2FFD22595DFA003A99E3 /* Menu.storyboard in Resources */ = {isa = PBXBuildFile; fileRef = 63EE2FFC22595DFA003A99E3 /* Menu.storyboard */; };
		63EE2FFF22595E15003A99E3 /* SideMenuViewController.swift in Sources */ = {isa = PBXBuildFile; fileRef = 63EE2FFE22595E15003A99E3 /* SideMenuViewController.swift */; };
		63EE301922595E8E003A99E3 /* DevicesAndIntegrations.storyboard in Resources */ = {isa = PBXBuildFile; fileRef = 63EE300122595E8D003A99E3 /* DevicesAndIntegrations.storyboard */; };
		63EE301A22595E8E003A99E3 /* DeviceAndIntegrationsViewController.swift in Sources */ = {isa = PBXBuildFile; fileRef = 63EE300222595E8D003A99E3 /* DeviceAndIntegrationsViewController.swift */; };
		63EE301B22595E8E003A99E3 /* Ratings.storyboard in Resources */ = {isa = PBXBuildFile; fileRef = 63EE300422595E8D003A99E3 /* Ratings.storyboard */; };
		63EE301C22595E8E003A99E3 /* EnergizerRatingViewController.swift in Sources */ = {isa = PBXBuildFile; fileRef = 63EE300522595E8D003A99E3 /* EnergizerRatingViewController.swift */; };
		63EE301D22595E8E003A99E3 /* FaceToggle.xib in Resources */ = {isa = PBXBuildFile; fileRef = 63EE300622595E8D003A99E3 /* FaceToggle.xib */; };
		63EE301E22595E8E003A99E3 /* ThanksViewController.swift in Sources */ = {isa = PBXBuildFile; fileRef = 63EE300722595E8D003A99E3 /* ThanksViewController.swift */; };
		63EE301F22595E8E003A99E3 /* Ratings.swift in Sources */ = {isa = PBXBuildFile; fileRef = 63EE300822595E8D003A99E3 /* Ratings.swift */; };
		63EE302022595E8E003A99E3 /* RatingsViewController.swift in Sources */ = {isa = PBXBuildFile; fileRef = 63EE300922595E8D003A99E3 /* RatingsViewController.swift */; };
		63EE302122595E8E003A99E3 /* RepeatBlendRatingViewController.swift in Sources */ = {isa = PBXBuildFile; fileRef = 63EE300A22595E8D003A99E3 /* RepeatBlendRatingViewController.swift */; };
		63EE302222595E8E003A99E3 /* RatingsPageViewController.swift in Sources */ = {isa = PBXBuildFile; fileRef = 63EE300B22595E8D003A99E3 /* RatingsPageViewController.swift */; };
		63EE302322595E8E003A99E3 /* SmellRatingViewController.swift in Sources */ = {isa = PBXBuildFile; fileRef = 63EE300C22595E8D003A99E3 /* SmellRatingViewController.swift */; };
		63EE302422595E8E003A99E3 /* FaceToggleView.swift in Sources */ = {isa = PBXBuildFile; fileRef = 63EE300D22595E8D003A99E3 /* FaceToggleView.swift */; };
		63EE302522595E8E003A99E3 /* EditProfileViewController.swift in Sources */ = {isa = PBXBuildFile; fileRef = 63EE300F22595E8E003A99E3 /* EditProfileViewController.swift */; };
		63EE302622595E8E003A99E3 /* PreferencesViewController.swift in Sources */ = {isa = PBXBuildFile; fileRef = 63EE301022595E8E003A99E3 /* PreferencesViewController.swift */; };
		63EE302722595E8E003A99E3 /* SettingsTableViewCell.swift in Sources */ = {isa = PBXBuildFile; fileRef = 63EE301122595E8E003A99E3 /* SettingsTableViewCell.swift */; };
		63EE302822595E8E003A99E3 /* SettingsNavViewController.swift in Sources */ = {isa = PBXBuildFile; fileRef = 63EE301222595E8E003A99E3 /* SettingsNavViewController.swift */; };
		63EE302922595E8E003A99E3 /* PreferrencesTableViewCell.swift in Sources */ = {isa = PBXBuildFile; fileRef = 63EE301322595E8E003A99E3 /* PreferrencesTableViewCell.swift */; };
		63EE302A22595E8E003A99E3 /* PreferenceCollectionViewCell.swift in Sources */ = {isa = PBXBuildFile; fileRef = 63EE301422595E8E003A99E3 /* PreferenceCollectionViewCell.swift */; };
		63EE302B22595E8E003A99E3 /* Settings.storyboard in Resources */ = {isa = PBXBuildFile; fileRef = 63EE301522595E8E003A99E3 /* Settings.storyboard */; };
		63EE302C22595E8E003A99E3 /* PreferenceButton.xib in Resources */ = {isa = PBXBuildFile; fileRef = 63EE301622595E8E003A99E3 /* PreferenceButton.xib */; };
		63EE302D22595E8E003A99E3 /* PreferenceButtonView.swift in Sources */ = {isa = PBXBuildFile; fileRef = 63EE301722595E8E003A99E3 /* PreferenceButtonView.swift */; };
		63EE302E22595E8E003A99E3 /* SettingsViewController.swift in Sources */ = {isa = PBXBuildFile; fileRef = 63EE301822595E8E003A99E3 /* SettingsViewController.swift */; };
		63EE303022595F1E003A99E3 /* HomeContainerViewController.swift in Sources */ = {isa = PBXBuildFile; fileRef = 63EE302F22595F1E003A99E3 /* HomeContainerViewController.swift */; };
		63EE3039225DC007003A99E3 /* Discover.storyboard in Resources */ = {isa = PBXBuildFile; fileRef = 63EE3038225DC007003A99E3 /* Discover.storyboard */; };
		63EE303B225DC01A003A99E3 /* BlendDetails.storyboard in Resources */ = {isa = PBXBuildFile; fileRef = 63EE303A225DC01A003A99E3 /* BlendDetails.storyboard */; };
		63EE303E225DC087003A99E3 /* EnergyDataSource.swift in Sources */ = {isa = PBXBuildFile; fileRef = 63EE303D225DC087003A99E3 /* EnergyDataSource.swift */; };
		63EE3040225DC0C1003A99E3 /* DiscoverViewController.swift in Sources */ = {isa = PBXBuildFile; fileRef = 63EE303F225DC0C1003A99E3 /* DiscoverViewController.swift */; };
		63EE3044225DC5D4003A99E3 /* BlendDetailsViewController.swift in Sources */ = {isa = PBXBuildFile; fileRef = 63EE3043225DC5D4003A99E3 /* BlendDetailsViewController.swift */; };
		63F1244422167132009D240D /* ViewController+Keyboard.swift in Sources */ = {isa = PBXBuildFile; fileRef = 63F1244322167132009D240D /* ViewController+Keyboard.swift */; };
		63F1244722169C0F009D240D /* Date+Conversions.swift in Sources */ = {isa = PBXBuildFile; fileRef = 63F1244622169C0F009D240D /* Date+Conversions.swift */; };
		840D3AFE2234C75A00004A9D /* MLODatePickerViewController.swift in Sources */ = {isa = PBXBuildFile; fileRef = 840D3AFD2234C75A00004A9D /* MLODatePickerViewController.swift */; };
		840D3B002235F48D00004A9D /* MLOGridOptionViewController.swift in Sources */ = {isa = PBXBuildFile; fileRef = 840D3AFF2235F48D00004A9D /* MLOGridOptionViewController.swift */; };
		840D3B06223612A600004A9D /* MLOProgressCircle.swift in Sources */ = {isa = PBXBuildFile; fileRef = 840D3B05223612A600004A9D /* MLOProgressCircle.swift */; };
		842D77C62242D8AA00BF557C /* TabBarController.storyboard in Resources */ = {isa = PBXBuildFile; fileRef = 842D77C52242D8AA00BF557C /* TabBarController.storyboard */; };
		842D77D12242DE6700BF557C /* MLODrawerController.swift in Sources */ = {isa = PBXBuildFile; fileRef = 842D77D02242DE6700BF557C /* MLODrawerController.swift */; };
		842D77D622440B2500BF557C /* MLOHomeViewController.swift in Sources */ = {isa = PBXBuildFile; fileRef = 842D77D522440B2500BF557C /* MLOHomeViewController.swift */; };
		842D77D822440D3600BF557C /* MLOHamburgerMenuViewController.swift in Sources */ = {isa = PBXBuildFile; fileRef = 842D77D722440D3600BF557C /* MLOHamburgerMenuViewController.swift */; };
		8458EB7F22594E940077EE95 /* SignUpViewController.swift in Sources */ = {isa = PBXBuildFile; fileRef = 8458EB7922594E930077EE95 /* SignUpViewController.swift */; };
		8458EB8022594E940077EE95 /* LoginViewController.swift in Sources */ = {isa = PBXBuildFile; fileRef = 8458EB7A22594E930077EE95 /* LoginViewController.swift */; };
		8458EB8122594E940077EE95 /* MLOScentOptionCollectionViewCell.swift in Sources */ = {isa = PBXBuildFile; fileRef = 8458EB7B22594E930077EE95 /* MLOScentOptionCollectionViewCell.swift */; };
		8458EB8222594E940077EE95 /* ResetPasswordViewController.swift in Sources */ = {isa = PBXBuildFile; fileRef = 8458EB7C22594E930077EE95 /* ResetPasswordViewController.swift */; };
		8458EB8322594E940077EE95 /* MLOGridOptionCollectionViewCell.swift in Sources */ = {isa = PBXBuildFile; fileRef = 8458EB7D22594E930077EE95 /* MLOGridOptionCollectionViewCell.swift */; };
		8458EB8422594E940077EE95 /* MLOOptionTableViewCell.swift in Sources */ = {isa = PBXBuildFile; fileRef = 8458EB7E22594E940077EE95 /* MLOOptionTableViewCell.swift */; };
		8458EB8622594E9D0077EE95 /* CustomTextField.swift in Sources */ = {isa = PBXBuildFile; fileRef = 8458EB8522594E9D0077EE95 /* CustomTextField.swift */; };
		8458EB8D22594EF70077EE95 /* ProfileViewController.swift in Sources */ = {isa = PBXBuildFile; fileRef = 8458EB8722594EF60077EE95 /* ProfileViewController.swift */; };
		8458EB8F22594EF70077EE95 /* HorizontalCollectionView.swift in Sources */ = {isa = PBXBuildFile; fileRef = 8458EB8922594EF60077EE95 /* HorizontalCollectionView.swift */; };
		8458EB9022594EF70077EE95 /* HomeViewController.swift in Sources */ = {isa = PBXBuildFile; fileRef = 8458EB8A22594EF60077EE95 /* HomeViewController.swift */; };
		8458EB9122594EF70077EE95 /* MLOOnboardingNavigationController.swift in Sources */ = {isa = PBXBuildFile; fileRef = 8458EB8B22594EF60077EE95 /* MLOOnboardingNavigationController.swift */; };
		8458EB9222594EF70077EE95 /* MLOOnboardingViewController.swift in Sources */ = {isa = PBXBuildFile; fileRef = 8458EB8C22594EF70077EE95 /* MLOOnboardingViewController.swift */; };
		84984F8922416FF10087D8D2 /* MLOOnboardingFinishViewController.swift in Sources */ = {isa = PBXBuildFile; fileRef = 84984F8722416B340087D8D2 /* MLOOnboardingFinishViewController.swift */; };
		849C7014224AD30800AE9494 /* MLORoundCollectionViewCell.swift in Sources */ = {isa = PBXBuildFile; fileRef = 849C7013224AD30800AE9494 /* MLORoundCollectionViewCell.swift */; };
		849C7022224AD94E00AE9494 /* UserScentManager.swift in Sources */ = {isa = PBXBuildFile; fileRef = 849C7021224AD94E00AE9494 /* UserScentManager.swift */; };
		849C7024224B460400AE9494 /* BannerPresenter.swift in Sources */ = {isa = PBXBuildFile; fileRef = 849C7023224B460400AE9494 /* BannerPresenter.swift */; };
		84C2746A222364C40050A011 /* Onboarding.storyboard in Resources */ = {isa = PBXBuildFile; fileRef = 84C27469222364C40050A011 /* Onboarding.storyboard */; };
		84C2746C222364F20050A011 /* MLOListOptionViewController.swift in Sources */ = {isa = PBXBuildFile; fileRef = 84C2746B222364F20050A011 /* MLOListOptionViewController.swift */; };
		84C27470222479330050A011 /* MLOSelectableOption.swift in Sources */ = {isa = PBXBuildFile; fileRef = 84C2746F222479330050A011 /* MLOSelectableOption.swift */; };
		84CAC4C0224ACB060067EA2A /* MLODateCollectionViewCell.swift in Sources */ = {isa = PBXBuildFile; fileRef = 84CAC4BF224ACB060067EA2A /* MLODateCollectionViewCell.swift */; };
		84CAC4C2224ACB160067EA2A /* MLOScentCollectionViewCell.swift in Sources */ = {isa = PBXBuildFile; fileRef = 84CAC4C1224ACB160067EA2A /* MLOScentCollectionViewCell.swift */; };
		84CAC4C4224ACC8A0067EA2A /* ScheduleDataSource.swift in Sources */ = {isa = PBXBuildFile; fileRef = 84CAC4C3224ACC8A0067EA2A /* ScheduleDataSource.swift */; };
		84CAC4C6224ACCC30067EA2A /* FavoritesDataSource.swift in Sources */ = {isa = PBXBuildFile; fileRef = 84CAC4C5224ACCC30067EA2A /* FavoritesDataSource.swift */; };
		84CAC4C8224ACCEC0067EA2A /* RecommendationsDataSource.swift in Sources */ = {isa = PBXBuildFile; fileRef = 84CAC4C7224ACCEC0067EA2A /* RecommendationsDataSource.swift */; };
		84E5450022590CFD00DDB89B /* ScheduleItemTableViewCell.swift in Sources */ = {isa = PBXBuildFile; fileRef = 84E544FF22590CFD00DDB89B /* ScheduleItemTableViewCell.swift */; };
		84E5450222590DDB00DDB89B /* DailyScheduleDataSource.swift in Sources */ = {isa = PBXBuildFile; fileRef = 84E5450122590DDB00DDB89B /* DailyScheduleDataSource.swift */; };
		84E545042259204B00DDB89B /* InsetCollectionView.swift in Sources */ = {isa = PBXBuildFile; fileRef = 84E545032259204B00DDB89B /* InsetCollectionView.swift */; };
		84E5450922594DED00DDB89B /* Home.storyboard in Resources */ = {isa = PBXBuildFile; fileRef = 84E5450522594DEC00DDB89B /* Home.storyboard */; };
		84E5450C22594DED00DDB89B /* Profile.storyboard in Resources */ = {isa = PBXBuildFile; fileRef = 84E5450822594DEC00DDB89B /* Profile.storyboard */; };
		BA1455AA97A30A33132B5FE5 /* Pods_MelloApp.framework in Frameworks */ = {isa = PBXBuildFile; fileRef = 6FD409E034804E97A7AA7507 /* Pods_MelloApp.framework */; };
		F727984B94131D78C47E10E2 /* Pods_MelloAppTests.framework in Frameworks */ = {isa = PBXBuildFile; fileRef = 810CC030611815222760D61D /* Pods_MelloAppTests.framework */; };
/* End PBXBuildFile section */

/* Begin PBXContainerItemProxy section */
		634F6D6221FED0FC00C665A7 /* PBXContainerItemProxy */ = {
			isa = PBXContainerItemProxy;
			containerPortal = 634F6D4521FED0FC00C665A7 /* Project object */;
			proxyType = 1;
			remoteGlobalIDString = 634F6D4C21FED0FC00C665A7;
			remoteInfo = MelloApp;
		};
		634F6D6D21FED0FD00C665A7 /* PBXContainerItemProxy */ = {
			isa = PBXContainerItemProxy;
			containerPortal = 634F6D4521FED0FC00C665A7 /* Project object */;
			proxyType = 1;
			remoteGlobalIDString = 634F6D4C21FED0FC00C665A7;
			remoteInfo = MelloApp;
		};
/* End PBXContainerItemProxy section */

/* Begin PBXFileReference section */
		1FB36549886C1D17AD84C6C2 /* Pods-MelloApp.release.xcconfig */ = {isa = PBXFileReference; includeInIndex = 1; lastKnownFileType = text.xcconfig; name = "Pods-MelloApp.release.xcconfig"; path = "Pods/Target Support Files/Pods-MelloApp/Pods-MelloApp.release.xcconfig"; sourceTree = "<group>"; };
		334ACFBD35D65D4579682BC6 /* Pods-MelloAppUITests.debug.xcconfig */ = {isa = PBXFileReference; includeInIndex = 1; lastKnownFileType = text.xcconfig; name = "Pods-MelloAppUITests.debug.xcconfig"; path = "Pods/Target Support Files/Pods-MelloAppUITests/Pods-MelloAppUITests.debug.xcconfig"; sourceTree = "<group>"; };
		63033551220E998300256800 /* GoogleService-Info.plist */ = {isa = PBXFileReference; lastKnownFileType = text.plist.xml; path = "GoogleService-Info.plist"; sourceTree = "<group>"; };
		63033553220EA5B000256800 /* FirebaseManager.swift */ = {isa = PBXFileReference; lastKnownFileType = sourcecode.swift; path = FirebaseManager.swift; sourceTree = "<group>"; };
		63033558220F527300256800 /* FirebaseManager+Errors.swift */ = {isa = PBXFileReference; lastKnownFileType = sourcecode.swift; path = "FirebaseManager+Errors.swift"; sourceTree = "<group>"; };
		6303355A220F540900256800 /* ViewController+Alert.swift */ = {isa = PBXFileReference; lastKnownFileType = sourcecode.swift; path = "ViewController+Alert.swift"; sourceTree = "<group>"; };
		6343D05F22082B0900B790E0 /* LongButton.swift */ = {isa = PBXFileReference; lastKnownFileType = sourcecode.swift; path = LongButton.swift; sourceTree = "<group>"; };
		6343D06122082B3700B790E0 /* ColorPalette.swift */ = {isa = PBXFileReference; lastKnownFileType = sourcecode.swift; path = ColorPalette.swift; sourceTree = "<group>"; };
		634F6D4D21FED0FC00C665A7 /* MelloApp.app */ = {isa = PBXFileReference; explicitFileType = wrapper.application; includeInIndex = 0; path = MelloApp.app; sourceTree = BUILT_PRODUCTS_DIR; };
		634F6D5021FED0FC00C665A7 /* AppDelegate.swift */ = {isa = PBXFileReference; lastKnownFileType = sourcecode.swift; path = AppDelegate.swift; sourceTree = "<group>"; };
		634F6D5521FED0FC00C665A7 /* Base */ = {isa = PBXFileReference; lastKnownFileType = file.storyboard; name = Base; path = Base.lproj/Login.storyboard; sourceTree = "<group>"; };
		634F6D5721FED0FC00C665A7 /* Assets.xcassets */ = {isa = PBXFileReference; lastKnownFileType = folder.assetcatalog; path = Assets.xcassets; sourceTree = "<group>"; };
		634F6D5A21FED0FC00C665A7 /* Base */ = {isa = PBXFileReference; lastKnownFileType = file.storyboard; name = Base; path = Base.lproj/LaunchScreen.storyboard; sourceTree = "<group>"; };
		634F6D5C21FED0FC00C665A7 /* Info.plist */ = {isa = PBXFileReference; lastKnownFileType = text.plist.xml; path = Info.plist; sourceTree = "<group>"; };
		634F6D6121FED0FC00C665A7 /* MelloAppTests.xctest */ = {isa = PBXFileReference; explicitFileType = wrapper.cfbundle; includeInIndex = 0; path = MelloAppTests.xctest; sourceTree = BUILT_PRODUCTS_DIR; };
		634F6D6521FED0FD00C665A7 /* MelloAppTests.swift */ = {isa = PBXFileReference; lastKnownFileType = sourcecode.swift; path = MelloAppTests.swift; sourceTree = "<group>"; };
		634F6D6721FED0FD00C665A7 /* Info.plist */ = {isa = PBXFileReference; lastKnownFileType = text.plist.xml; path = Info.plist; sourceTree = "<group>"; };
		634F6D6C21FED0FD00C665A7 /* MelloAppUITests.xctest */ = {isa = PBXFileReference; explicitFileType = wrapper.cfbundle; includeInIndex = 0; path = MelloAppUITests.xctest; sourceTree = BUILT_PRODUCTS_DIR; };
		634F6D7021FED0FD00C665A7 /* MelloAppUITests.swift */ = {isa = PBXFileReference; lastKnownFileType = sourcecode.swift; path = MelloAppUITests.swift; sourceTree = "<group>"; };
		634F6D7221FED0FD00C665A7 /* Info.plist */ = {isa = PBXFileReference; lastKnownFileType = text.plist.xml; path = Info.plist; sourceTree = "<group>"; };
		636468E422454B1000A76A95 /* CustomTabBar.swift */ = {isa = PBXFileReference; lastKnownFileType = sourcecode.swift; path = CustomTabBar.swift; sourceTree = "<group>"; };
		636468E82245C25300A76A95 /* StatsView.swift */ = {isa = PBXFileReference; lastKnownFileType = sourcecode.swift; path = StatsView.swift; sourceTree = "<group>"; };
		636468ED224624D900A76A95 /* HistoryTableViewCell.swift */ = {isa = PBXFileReference; lastKnownFileType = sourcecode.swift; path = HistoryTableViewCell.swift; sourceTree = "<group>"; };
		63A863F9225F1CD10045E96B /* SleepDataSource.swift */ = {isa = PBXFileReference; lastKnownFileType = sourcecode.swift; path = SleepDataSource.swift; sourceTree = "<group>"; };
		63A863FB225F1D360045E96B /* RelaxBlends.swift */ = {isa = PBXFileReference; lastKnownFileType = sourcecode.swift; path = RelaxBlends.swift; sourceTree = "<group>"; };
		63B0DFC62217B44D0031BE51 /* blob.gif */ = {isa = PBXFileReference; lastKnownFileType = image.gif; path = blob.gif; sourceTree = "<group>"; };
		63B0DFC82217B4690031BE51 /* navlogo.png */ = {isa = PBXFileReference; lastKnownFileType = image.png; path = navlogo.png; sourceTree = "<group>"; };
		63B0DFCD2217B6080031BE51 /* homelogo.png */ = {isa = PBXFileReference; lastKnownFileType = image.png; path = homelogo.png; sourceTree = "<group>"; };
		63EE2FED22595C73003A99E3 /* CustomSwitch.swift */ = {isa = PBXFileReference; fileEncoding = 4; lastKnownFileType = sourcecode.swift; path = CustomSwitch.swift; sourceTree = "<group>"; };
		63EE2FEE22595C73003A99E3 /* FaceToggle.swift */ = {isa = PBXFileReference; fileEncoding = 4; lastKnownFileType = sourcecode.swift; path = FaceToggle.swift; sourceTree = "<group>"; };
		63EE2FEF22595C73003A99E3 /* PreferenceButton.swift */ = {isa = PBXFileReference; fileEncoding = 4; lastKnownFileType = sourcecode.swift; path = PreferenceButton.swift; sourceTree = "<group>"; };
		63EE2FF422595C9B003A99E3 /* ModalBaseVC.swift */ = {isa = PBXFileReference; fileEncoding = 4; lastKnownFileType = sourcecode.swift; path = ModalBaseVC.swift; sourceTree = "<group>"; };
		63EE2FF522595C9B003A99E3 /* ModalPresentationAnimationVC.swift */ = {isa = PBXFileReference; fileEncoding = 4; lastKnownFileType = sourcecode.swift; path = ModalPresentationAnimationVC.swift; sourceTree = "<group>"; };
		63EE2FF622595C9B003A99E3 /* ModalPresentationVC.swift */ = {isa = PBXFileReference; fileEncoding = 4; lastKnownFileType = sourcecode.swift; path = ModalPresentationVC.swift; sourceTree = "<group>"; };
		63EE2FFA22595CC7003A99E3 /* Notifications.swift */ = {isa = PBXFileReference; fileEncoding = 4; lastKnownFileType = sourcecode.swift; path = Notifications.swift; sourceTree = "<group>"; };
		63EE2FFC22595DFA003A99E3 /* Menu.storyboard */ = {isa = PBXFileReference; fileEncoding = 4; lastKnownFileType = file.storyboard; path = Menu.storyboard; sourceTree = "<group>"; };
		63EE2FFE22595E15003A99E3 /* SideMenuViewController.swift */ = {isa = PBXFileReference; fileEncoding = 4; lastKnownFileType = sourcecode.swift; path = SideMenuViewController.swift; sourceTree = "<group>"; };
		63EE300122595E8D003A99E3 /* DevicesAndIntegrations.storyboard */ = {isa = PBXFileReference; fileEncoding = 4; lastKnownFileType = file.storyboard; path = DevicesAndIntegrations.storyboard; sourceTree = "<group>"; };
		63EE300222595E8D003A99E3 /* DeviceAndIntegrationsViewController.swift */ = {isa = PBXFileReference; fileEncoding = 4; lastKnownFileType = sourcecode.swift; path = DeviceAndIntegrationsViewController.swift; sourceTree = "<group>"; };
		63EE300422595E8D003A99E3 /* Ratings.storyboard */ = {isa = PBXFileReference; fileEncoding = 4; lastKnownFileType = file.storyboard; path = Ratings.storyboard; sourceTree = "<group>"; };
		63EE300522595E8D003A99E3 /* EnergizerRatingViewController.swift */ = {isa = PBXFileReference; fileEncoding = 4; lastKnownFileType = sourcecode.swift; path = EnergizerRatingViewController.swift; sourceTree = "<group>"; };
		63EE300622595E8D003A99E3 /* FaceToggle.xib */ = {isa = PBXFileReference; fileEncoding = 4; lastKnownFileType = file.xib; path = FaceToggle.xib; sourceTree = "<group>"; };
		63EE300722595E8D003A99E3 /* ThanksViewController.swift */ = {isa = PBXFileReference; fileEncoding = 4; lastKnownFileType = sourcecode.swift; path = ThanksViewController.swift; sourceTree = "<group>"; };
		63EE300822595E8D003A99E3 /* Ratings.swift */ = {isa = PBXFileReference; fileEncoding = 4; lastKnownFileType = sourcecode.swift; path = Ratings.swift; sourceTree = "<group>"; };
		63EE300922595E8D003A99E3 /* RatingsViewController.swift */ = {isa = PBXFileReference; fileEncoding = 4; lastKnownFileType = sourcecode.swift; path = RatingsViewController.swift; sourceTree = "<group>"; };
		63EE300A22595E8D003A99E3 /* RepeatBlendRatingViewController.swift */ = {isa = PBXFileReference; fileEncoding = 4; lastKnownFileType = sourcecode.swift; path = RepeatBlendRatingViewController.swift; sourceTree = "<group>"; };
		63EE300B22595E8D003A99E3 /* RatingsPageViewController.swift */ = {isa = PBXFileReference; fileEncoding = 4; lastKnownFileType = sourcecode.swift; path = RatingsPageViewController.swift; sourceTree = "<group>"; };
		63EE300C22595E8D003A99E3 /* SmellRatingViewController.swift */ = {isa = PBXFileReference; fileEncoding = 4; lastKnownFileType = sourcecode.swift; path = SmellRatingViewController.swift; sourceTree = "<group>"; };
		63EE300D22595E8D003A99E3 /* FaceToggleView.swift */ = {isa = PBXFileReference; fileEncoding = 4; lastKnownFileType = sourcecode.swift; path = FaceToggleView.swift; sourceTree = "<group>"; };
		63EE300F22595E8E003A99E3 /* EditProfileViewController.swift */ = {isa = PBXFileReference; fileEncoding = 4; lastKnownFileType = sourcecode.swift; path = EditProfileViewController.swift; sourceTree = "<group>"; };
		63EE301022595E8E003A99E3 /* PreferencesViewController.swift */ = {isa = PBXFileReference; fileEncoding = 4; lastKnownFileType = sourcecode.swift; path = PreferencesViewController.swift; sourceTree = "<group>"; };
		63EE301122595E8E003A99E3 /* SettingsTableViewCell.swift */ = {isa = PBXFileReference; fileEncoding = 4; lastKnownFileType = sourcecode.swift; path = SettingsTableViewCell.swift; sourceTree = "<group>"; };
		63EE301222595E8E003A99E3 /* SettingsNavViewController.swift */ = {isa = PBXFileReference; fileEncoding = 4; lastKnownFileType = sourcecode.swift; path = SettingsNavViewController.swift; sourceTree = "<group>"; };
		63EE301322595E8E003A99E3 /* PreferrencesTableViewCell.swift */ = {isa = PBXFileReference; fileEncoding = 4; lastKnownFileType = sourcecode.swift; path = PreferrencesTableViewCell.swift; sourceTree = "<group>"; };
		63EE301422595E8E003A99E3 /* PreferenceCollectionViewCell.swift */ = {isa = PBXFileReference; fileEncoding = 4; lastKnownFileType = sourcecode.swift; path = PreferenceCollectionViewCell.swift; sourceTree = "<group>"; };
		63EE301522595E8E003A99E3 /* Settings.storyboard */ = {isa = PBXFileReference; fileEncoding = 4; lastKnownFileType = file.storyboard; path = Settings.storyboard; sourceTree = "<group>"; };
		63EE301622595E8E003A99E3 /* PreferenceButton.xib */ = {isa = PBXFileReference; fileEncoding = 4; lastKnownFileType = file.xib; path = PreferenceButton.xib; sourceTree = "<group>"; };
		63EE301722595E8E003A99E3 /* PreferenceButtonView.swift */ = {isa = PBXFileReference; fileEncoding = 4; lastKnownFileType = sourcecode.swift; path = PreferenceButtonView.swift; sourceTree = "<group>"; };
		63EE301822595E8E003A99E3 /* SettingsViewController.swift */ = {isa = PBXFileReference; fileEncoding = 4; lastKnownFileType = sourcecode.swift; path = SettingsViewController.swift; sourceTree = "<group>"; };
		63EE302F22595F1E003A99E3 /* HomeContainerViewController.swift */ = {isa = PBXFileReference; fileEncoding = 4; lastKnownFileType = sourcecode.swift; path = HomeContainerViewController.swift; sourceTree = "<group>"; };
		63EE3038225DC007003A99E3 /* Discover.storyboard */ = {isa = PBXFileReference; fileEncoding = 4; lastKnownFileType = file.storyboard; path = Discover.storyboard; sourceTree = "<group>"; };
		63EE303A225DC01A003A99E3 /* BlendDetails.storyboard */ = {isa = PBXFileReference; fileEncoding = 4; lastKnownFileType = file.storyboard; path = BlendDetails.storyboard; sourceTree = "<group>"; };
		63EE303D225DC087003A99E3 /* EnergyDataSource.swift */ = {isa = PBXFileReference; fileEncoding = 4; lastKnownFileType = sourcecode.swift; path = EnergyDataSource.swift; sourceTree = "<group>"; };
		63EE303F225DC0C1003A99E3 /* DiscoverViewController.swift */ = {isa = PBXFileReference; fileEncoding = 4; lastKnownFileType = sourcecode.swift; path = DiscoverViewController.swift; sourceTree = "<group>"; };
		63EE3043225DC5D4003A99E3 /* BlendDetailsViewController.swift */ = {isa = PBXFileReference; lastKnownFileType = sourcecode.swift; path = BlendDetailsViewController.swift; sourceTree = "<group>"; };
		63F1244322167132009D240D /* ViewController+Keyboard.swift */ = {isa = PBXFileReference; lastKnownFileType = sourcecode.swift; path = "ViewController+Keyboard.swift"; sourceTree = "<group>"; };
		63F1244622169C0F009D240D /* Date+Conversions.swift */ = {isa = PBXFileReference; lastKnownFileType = sourcecode.swift; path = "Date+Conversions.swift"; sourceTree = "<group>"; };
		67A5C89323A68CE81AE66E1D /* Pods-MelloAppTests.debug.xcconfig */ = {isa = PBXFileReference; includeInIndex = 1; lastKnownFileType = text.xcconfig; name = "Pods-MelloAppTests.debug.xcconfig"; path = "Pods/Target Support Files/Pods-MelloAppTests/Pods-MelloAppTests.debug.xcconfig"; sourceTree = "<group>"; };
		6FD409E034804E97A7AA7507 /* Pods_MelloApp.framework */ = {isa = PBXFileReference; explicitFileType = wrapper.framework; includeInIndex = 0; path = Pods_MelloApp.framework; sourceTree = BUILT_PRODUCTS_DIR; };
		810CC030611815222760D61D /* Pods_MelloAppTests.framework */ = {isa = PBXFileReference; explicitFileType = wrapper.framework; includeInIndex = 0; path = Pods_MelloAppTests.framework; sourceTree = BUILT_PRODUCTS_DIR; };
		840D3AFD2234C75A00004A9D /* MLODatePickerViewController.swift */ = {isa = PBXFileReference; lastKnownFileType = sourcecode.swift; path = MLODatePickerViewController.swift; sourceTree = "<group>"; };
		840D3AFF2235F48D00004A9D /* MLOGridOptionViewController.swift */ = {isa = PBXFileReference; lastKnownFileType = sourcecode.swift; path = MLOGridOptionViewController.swift; sourceTree = "<group>"; };
		840D3B05223612A600004A9D /* MLOProgressCircle.swift */ = {isa = PBXFileReference; lastKnownFileType = sourcecode.swift; path = MLOProgressCircle.swift; sourceTree = "<group>"; };
		842D77C52242D8AA00BF557C /* TabBarController.storyboard */ = {isa = PBXFileReference; lastKnownFileType = file.storyboard; path = TabBarController.storyboard; sourceTree = "<group>"; };
		842D77D02242DE6700BF557C /* MLODrawerController.swift */ = {isa = PBXFileReference; lastKnownFileType = sourcecode.swift; path = MLODrawerController.swift; sourceTree = "<group>"; };
		842D77D22243636100BF557C /* Mello-Bridging-Header.h */ = {isa = PBXFileReference; lastKnownFileType = sourcecode.c.h; path = "Mello-Bridging-Header.h"; sourceTree = "<group>"; };
		842D77D522440B2500BF557C /* MLOHomeViewController.swift */ = {isa = PBXFileReference; lastKnownFileType = sourcecode.swift; path = MLOHomeViewController.swift; sourceTree = "<group>"; };
		842D77D722440D3600BF557C /* MLOHamburgerMenuViewController.swift */ = {isa = PBXFileReference; lastKnownFileType = sourcecode.swift; path = MLOHamburgerMenuViewController.swift; sourceTree = "<group>"; };
		8458EB7922594E930077EE95 /* SignUpViewController.swift */ = {isa = PBXFileReference; fileEncoding = 4; lastKnownFileType = sourcecode.swift; name = SignUpViewController.swift; path = Views/Onboarding/SignUpViewController.swift; sourceTree = "<group>"; };
		8458EB7A22594E930077EE95 /* LoginViewController.swift */ = {isa = PBXFileReference; fileEncoding = 4; lastKnownFileType = sourcecode.swift; name = LoginViewController.swift; path = Views/Onboarding/LoginViewController.swift; sourceTree = "<group>"; };
		8458EB7B22594E930077EE95 /* MLOScentOptionCollectionViewCell.swift */ = {isa = PBXFileReference; fileEncoding = 4; lastKnownFileType = sourcecode.swift; name = MLOScentOptionCollectionViewCell.swift; path = Views/Onboarding/MLOScentOptionCollectionViewCell.swift; sourceTree = "<group>"; };
		8458EB7C22594E930077EE95 /* ResetPasswordViewController.swift */ = {isa = PBXFileReference; fileEncoding = 4; lastKnownFileType = sourcecode.swift; name = ResetPasswordViewController.swift; path = Views/Onboarding/ResetPasswordViewController.swift; sourceTree = "<group>"; };
		8458EB7D22594E930077EE95 /* MLOGridOptionCollectionViewCell.swift */ = {isa = PBXFileReference; fileEncoding = 4; lastKnownFileType = sourcecode.swift; name = MLOGridOptionCollectionViewCell.swift; path = Views/Onboarding/MLOGridOptionCollectionViewCell.swift; sourceTree = "<group>"; };
		8458EB7E22594E940077EE95 /* MLOOptionTableViewCell.swift */ = {isa = PBXFileReference; fileEncoding = 4; lastKnownFileType = sourcecode.swift; name = MLOOptionTableViewCell.swift; path = Views/Onboarding/MLOOptionTableViewCell.swift; sourceTree = "<group>"; };
		8458EB8522594E9D0077EE95 /* CustomTextField.swift */ = {isa = PBXFileReference; fileEncoding = 4; lastKnownFileType = sourcecode.swift; name = CustomTextField.swift; path = "Views/UI components/CustomTextField.swift"; sourceTree = "<group>"; };
		8458EB8722594EF60077EE95 /* ProfileViewController.swift */ = {isa = PBXFileReference; fileEncoding = 4; lastKnownFileType = sourcecode.swift; path = ProfileViewController.swift; sourceTree = "<group>"; };
		8458EB8922594EF60077EE95 /* HorizontalCollectionView.swift */ = {isa = PBXFileReference; fileEncoding = 4; lastKnownFileType = sourcecode.swift; path = HorizontalCollectionView.swift; sourceTree = "<group>"; };
		8458EB8A22594EF60077EE95 /* HomeViewController.swift */ = {isa = PBXFileReference; fileEncoding = 4; lastKnownFileType = sourcecode.swift; path = HomeViewController.swift; sourceTree = "<group>"; };
		8458EB8B22594EF60077EE95 /* MLOOnboardingNavigationController.swift */ = {isa = PBXFileReference; fileEncoding = 4; lastKnownFileType = sourcecode.swift; path = MLOOnboardingNavigationController.swift; sourceTree = "<group>"; };
		8458EB8C22594EF70077EE95 /* MLOOnboardingViewController.swift */ = {isa = PBXFileReference; fileEncoding = 4; lastKnownFileType = sourcecode.swift; path = MLOOnboardingViewController.swift; sourceTree = "<group>"; };
		84984F8722416B340087D8D2 /* MLOOnboardingFinishViewController.swift */ = {isa = PBXFileReference; lastKnownFileType = sourcecode.swift; path = MLOOnboardingFinishViewController.swift; sourceTree = "<group>"; };
		849C7013224AD30800AE9494 /* MLORoundCollectionViewCell.swift */ = {isa = PBXFileReference; lastKnownFileType = sourcecode.swift; path = MLORoundCollectionViewCell.swift; sourceTree = "<group>"; };
		849C7021224AD94E00AE9494 /* UserScentManager.swift */ = {isa = PBXFileReference; lastKnownFileType = sourcecode.swift; name = UserScentManager.swift; path = MelloApp/UserScentManager.swift; sourceTree = "<group>"; };
		849C7023224B460400AE9494 /* BannerPresenter.swift */ = {isa = PBXFileReference; lastKnownFileType = sourcecode.swift; path = BannerPresenter.swift; sourceTree = "<group>"; };
		84C27469222364C40050A011 /* Onboarding.storyboard */ = {isa = PBXFileReference; lastKnownFileType = file.storyboard; path = Onboarding.storyboard; sourceTree = "<group>"; };
		84C2746B222364F20050A011 /* MLOListOptionViewController.swift */ = {isa = PBXFileReference; lastKnownFileType = sourcecode.swift; path = MLOListOptionViewController.swift; sourceTree = "<group>"; };
		84C2746F222479330050A011 /* MLOSelectableOption.swift */ = {isa = PBXFileReference; lastKnownFileType = sourcecode.swift; path = MLOSelectableOption.swift; sourceTree = "<group>"; };
		84CAC4BF224ACB060067EA2A /* MLODateCollectionViewCell.swift */ = {isa = PBXFileReference; lastKnownFileType = sourcecode.swift; name = MLODateCollectionViewCell.swift; path = MelloApp/Cells/MLODateCollectionViewCell.swift; sourceTree = SOURCE_ROOT; };
		84CAC4C1224ACB160067EA2A /* MLOScentCollectionViewCell.swift */ = {isa = PBXFileReference; lastKnownFileType = sourcecode.swift; name = MLOScentCollectionViewCell.swift; path = MelloApp/Cells/MLOScentCollectionViewCell.swift; sourceTree = SOURCE_ROOT; };
		84CAC4C3224ACC8A0067EA2A /* ScheduleDataSource.swift */ = {isa = PBXFileReference; lastKnownFileType = sourcecode.swift; name = ScheduleDataSource.swift; path = "MelloApp/Controllers/Home CV Data Sources/ScheduleDataSource.swift"; sourceTree = SOURCE_ROOT; };
		84CAC4C5224ACCC30067EA2A /* FavoritesDataSource.swift */ = {isa = PBXFileReference; lastKnownFileType = sourcecode.swift; path = FavoritesDataSource.swift; sourceTree = "<group>"; };
		84CAC4C7224ACCEC0067EA2A /* RecommendationsDataSource.swift */ = {isa = PBXFileReference; lastKnownFileType = sourcecode.swift; name = RecommendationsDataSource.swift; path = "MelloApp/Controllers/Home CV Data Sources/RecommendationsDataSource.swift"; sourceTree = SOURCE_ROOT; };
		84E544FF22590CFD00DDB89B /* ScheduleItemTableViewCell.swift */ = {isa = PBXFileReference; lastKnownFileType = sourcecode.swift; name = ScheduleItemTableViewCell.swift; path = MelloApp/Cells/ScheduleItemTableViewCell.swift; sourceTree = SOURCE_ROOT; };
		84E5450122590DDB00DDB89B /* DailyScheduleDataSource.swift */ = {isa = PBXFileReference; lastKnownFileType = sourcecode.swift; path = DailyScheduleDataSource.swift; sourceTree = "<group>"; };
		84E545032259204B00DDB89B /* InsetCollectionView.swift */ = {isa = PBXFileReference; lastKnownFileType = sourcecode.swift; name = InsetCollectionView.swift; path = "MelloApp/Views/UI components/InsetCollectionView.swift"; sourceTree = "<group>"; };
		84E5450522594DEC00DDB89B /* Home.storyboard */ = {isa = PBXFileReference; fileEncoding = 4; lastKnownFileType = file.storyboard; path = Home.storyboard; sourceTree = "<group>"; };
		84E5450822594DEC00DDB89B /* Profile.storyboard */ = {isa = PBXFileReference; fileEncoding = 4; lastKnownFileType = file.storyboard; path = Profile.storyboard; sourceTree = "<group>"; };
		976B864F35282323BB8366DA /* Pods-MelloApp.debug.xcconfig */ = {isa = PBXFileReference; includeInIndex = 1; lastKnownFileType = text.xcconfig; name = "Pods-MelloApp.debug.xcconfig"; path = "Pods/Target Support Files/Pods-MelloApp/Pods-MelloApp.debug.xcconfig"; sourceTree = "<group>"; };
		992C65D75A81012ABBDA7531 /* Pods-MelloAppUITests.release.xcconfig */ = {isa = PBXFileReference; includeInIndex = 1; lastKnownFileType = text.xcconfig; name = "Pods-MelloAppUITests.release.xcconfig"; path = "Pods/Target Support Files/Pods-MelloAppUITests/Pods-MelloAppUITests.release.xcconfig"; sourceTree = "<group>"; };
		CFFB43605F7FB7A17C359B76 /* Pods_MelloAppUITests.framework */ = {isa = PBXFileReference; explicitFileType = wrapper.framework; includeInIndex = 0; path = Pods_MelloAppUITests.framework; sourceTree = BUILT_PRODUCTS_DIR; };
		E6DF8E544605BFEA41D53B02 /* Pods-MelloAppTests.release.xcconfig */ = {isa = PBXFileReference; includeInIndex = 1; lastKnownFileType = text.xcconfig; name = "Pods-MelloAppTests.release.xcconfig"; path = "Pods/Target Support Files/Pods-MelloAppTests/Pods-MelloAppTests.release.xcconfig"; sourceTree = "<group>"; };
/* End PBXFileReference section */

/* Begin PBXFrameworksBuildPhase section */
		634F6D4A21FED0FC00C665A7 /* Frameworks */ = {
			isa = PBXFrameworksBuildPhase;
			buildActionMask = 2147483647;
			files = (
				BA1455AA97A30A33132B5FE5 /* Pods_MelloApp.framework in Frameworks */,
			);
			runOnlyForDeploymentPostprocessing = 0;
		};
		634F6D5E21FED0FC00C665A7 /* Frameworks */ = {
			isa = PBXFrameworksBuildPhase;
			buildActionMask = 2147483647;
			files = (
				F727984B94131D78C47E10E2 /* Pods_MelloAppTests.framework in Frameworks */,
			);
			runOnlyForDeploymentPostprocessing = 0;
		};
		634F6D6921FED0FD00C665A7 /* Frameworks */ = {
			isa = PBXFrameworksBuildPhase;
			buildActionMask = 2147483647;
			files = (
				56B87063BCCE8293279BCA95 /* Pods_MelloAppUITests.framework in Frameworks */,
			);
			runOnlyForDeploymentPostprocessing = 0;
		};
/* End PBXFrameworksBuildPhase section */

/* Begin PBXGroup section */
		63033555220EBA2700256800 /* Services */ = {
			isa = PBXGroup;
			children = (
				63033553220EA5B000256800 /* FirebaseManager.swift */,
			);
			path = Services;
			sourceTree = "<group>";
		};
		6343D05A2208274E00B790E0 /* Controllers */ = {
			isa = PBXGroup;
			children = (
				63EE303C225DC087003A99E3 /* Discover Data Sources */,
				84E544FF22590CFD00DDB89B /* ScheduleItemTableViewCell.swift */,
				84CAC4BF224ACB060067EA2A /* MLODateCollectionViewCell.swift */,
				84CAC4C1224ACB160067EA2A /* MLOScentCollectionViewCell.swift */,
				849C701E224AD70400AE9494 /* Home CV Data Sources */,
			);
			path = Controllers;
			sourceTree = "<group>";
		};
		6343D05E22082AF100B790E0 /* Views */ = {
			isa = PBXGroup;
			children = (
				63EE300022595E8D003A99E3 /* Devices+Integrations */,
				63EE300322595E8D003A99E3 /* Ratings */,
				63EE300E22595E8E003A99E3 /* Settings */,
				849C701D224AD6F900AE9494 /* UI components */,
				849C701C224AD6E500AE9494 /* Onboarding */,
				849C701B224AD6CA00AE9494 /* Storyboards */,
				63EE2FFE22595E15003A99E3 /* SideMenuViewController.swift */,
				63EE302F22595F1E003A99E3 /* HomeContainerViewController.swift */,
				842D77D02242DE6700BF557C /* MLODrawerController.swift */,
				842D77D722440D3600BF557C /* MLOHamburgerMenuViewController.swift */,
				842D77D522440B2500BF557C /* MLOHomeViewController.swift */,
				636468E422454B1000A76A95 /* CustomTabBar.swift */,
				636468E82245C25300A76A95 /* StatsView.swift */,
				636468ED224624D900A76A95 /* HistoryTableViewCell.swift */,
				63EE3043225DC5D4003A99E3 /* BlendDetailsViewController.swift */,
			);
			path = Views;
			sourceTree = "<group>";
		};
		6343D06322082B8900B790E0 /* Other */ = {
			isa = PBXGroup;
			children = (
				634F6D5021FED0FC00C665A7 /* AppDelegate.swift */,
				6343D06122082B3700B790E0 /* ColorPalette.swift */,
			);
			path = Other;
			sourceTree = "<group>";
		};
		634F6D4421FED0FC00C665A7 = {
			isa = PBXGroup;
			children = (
				84E545032259204B00DDB89B /* InsetCollectionView.swift */,
				849C7023224B460400AE9494 /* BannerPresenter.swift */,
				849C7021224AD94E00AE9494 /* UserScentManager.swift */,
				842D77D22243636100BF557C /* Mello-Bridging-Header.h */,
				634F6D4F21FED0FC00C665A7 /* MelloApp */,
				634F6D6421FED0FD00C665A7 /* MelloAppTests */,
				634F6D6F21FED0FD00C665A7 /* MelloAppUITests */,
				634F6D4E21FED0FC00C665A7 /* Products */,
				957105727EE7E60245382258 /* Pods */,
				664C000DB91C99A8AA6D2108 /* Frameworks */,
			);
			sourceTree = "<group>";
		};
		634F6D4E21FED0FC00C665A7 /* Products */ = {
			isa = PBXGroup;
			children = (
				634F6D4D21FED0FC00C665A7 /* MelloApp.app */,
				634F6D6121FED0FC00C665A7 /* MelloAppTests.xctest */,
				634F6D6C21FED0FD00C665A7 /* MelloAppUITests.xctest */,
			);
			name = Products;
			sourceTree = "<group>";
		};
		634F6D4F21FED0FC00C665A7 /* MelloApp */ = {
			isa = PBXGroup;
			children = (
				63EE303F225DC0C1003A99E3 /* DiscoverViewController.swift */,
				63EE2FF322595C9B003A99E3 /* Custom Modal */,
				63EE2FEC22595C73003A99E3 /* Custom Controls */,
				63033551220E998300256800 /* GoogleService-Info.plist */,
				63B0DFC82217B4690031BE51 /* navlogo.png */,
				8458EB8522594E9D0077EE95 /* CustomTextField.swift */,
				8458EB7A22594E930077EE95 /* LoginViewController.swift */,
				8458EB7D22594E930077EE95 /* MLOGridOptionCollectionViewCell.swift */,
				8458EB7E22594E940077EE95 /* MLOOptionTableViewCell.swift */,
				8458EB7B22594E930077EE95 /* MLOScentOptionCollectionViewCell.swift */,
				8458EB7C22594E930077EE95 /* ResetPasswordViewController.swift */,
				8458EB7922594E930077EE95 /* SignUpViewController.swift */,
				8458EB8A22594EF60077EE95 /* HomeViewController.swift */,
				8458EB8922594EF60077EE95 /* HorizontalCollectionView.swift */,
				8458EB8B22594EF60077EE95 /* MLOOnboardingNavigationController.swift */,
				8458EB8C22594EF70077EE95 /* MLOOnboardingViewController.swift */,
				8458EB8722594EF60077EE95 /* ProfileViewController.swift */,
				63B0DFCD2217B6080031BE51 /* homelogo.png */,
				63B0DFC62217B44D0031BE51 /* blob.gif */,
				63F1244522169BE3009D240D /* Extensions */,
				63033555220EBA2700256800 /* Services */,
				6343D05E22082AF100B790E0 /* Views */,
				6343D05A2208274E00B790E0 /* Controllers */,
				6343D06322082B8900B790E0 /* Other */,
				634F6D5721FED0FC00C665A7 /* Assets.xcassets */,
				634F6D5921FED0FC00C665A7 /* LaunchScreen.storyboard */,
				634F6D5C21FED0FC00C665A7 /* Info.plist */,
			);
			path = MelloApp;
			sourceTree = "<group>";
		};
		634F6D6421FED0FD00C665A7 /* MelloAppTests */ = {
			isa = PBXGroup;
			children = (
				634F6D6521FED0FD00C665A7 /* MelloAppTests.swift */,
				634F6D6721FED0FD00C665A7 /* Info.plist */,
			);
			path = MelloAppTests;
			sourceTree = "<group>";
		};
		634F6D6F21FED0FD00C665A7 /* MelloAppUITests */ = {
			isa = PBXGroup;
			children = (
				634F6D7021FED0FD00C665A7 /* MelloAppUITests.swift */,
				634F6D7221FED0FD00C665A7 /* Info.plist */,
			);
			path = MelloAppUITests;
			sourceTree = "<group>";
		};
		63EE2FEC22595C73003A99E3 /* Custom Controls */ = {
			isa = PBXGroup;
			children = (
				63EE2FED22595C73003A99E3 /* CustomSwitch.swift */,
				63EE2FEE22595C73003A99E3 /* FaceToggle.swift */,
				63EE2FEF22595C73003A99E3 /* PreferenceButton.swift */,
			);
			path = "Custom Controls";
			sourceTree = "<group>";
		};
		63EE2FF322595C9B003A99E3 /* Custom Modal */ = {
			isa = PBXGroup;
			children = (
				63EE2FF422595C9B003A99E3 /* ModalBaseVC.swift */,
				63EE2FF522595C9B003A99E3 /* ModalPresentationAnimationVC.swift */,
				63EE2FF622595C9B003A99E3 /* ModalPresentationVC.swift */,
			);
			path = "Custom Modal";
			sourceTree = "<group>";
		};
		63EE300022595E8D003A99E3 /* Devices+Integrations */ = {
			isa = PBXGroup;
			children = (
				63EE300122595E8D003A99E3 /* DevicesAndIntegrations.storyboard */,
				63EE300222595E8D003A99E3 /* DeviceAndIntegrationsViewController.swift */,
			);
			path = "Devices+Integrations";
			sourceTree = "<group>";
		};
		63EE300322595E8D003A99E3 /* Ratings */ = {
			isa = PBXGroup;
			children = (
				63EE300422595E8D003A99E3 /* Ratings.storyboard */,
				63EE300522595E8D003A99E3 /* EnergizerRatingViewController.swift */,
				63EE300622595E8D003A99E3 /* FaceToggle.xib */,
				63EE300722595E8D003A99E3 /* ThanksViewController.swift */,
				63EE300822595E8D003A99E3 /* Ratings.swift */,
				63EE300922595E8D003A99E3 /* RatingsViewController.swift */,
				63EE300A22595E8D003A99E3 /* RepeatBlendRatingViewController.swift */,
				63EE300B22595E8D003A99E3 /* RatingsPageViewController.swift */,
				63EE300C22595E8D003A99E3 /* SmellRatingViewController.swift */,
				63EE300D22595E8D003A99E3 /* FaceToggleView.swift */,
			);
			path = Ratings;
			sourceTree = "<group>";
		};
		63EE300E22595E8E003A99E3 /* Settings */ = {
			isa = PBXGroup;
			children = (
				63EE300F22595E8E003A99E3 /* EditProfileViewController.swift */,
				63EE301022595E8E003A99E3 /* PreferencesViewController.swift */,
				63EE301122595E8E003A99E3 /* SettingsTableViewCell.swift */,
				63EE301222595E8E003A99E3 /* SettingsNavViewController.swift */,
				63EE301322595E8E003A99E3 /* PreferrencesTableViewCell.swift */,
				63EE301422595E8E003A99E3 /* PreferenceCollectionViewCell.swift */,
				63EE301522595E8E003A99E3 /* Settings.storyboard */,
				63EE301622595E8E003A99E3 /* PreferenceButton.xib */,
				63EE301722595E8E003A99E3 /* PreferenceButtonView.swift */,
				63EE301822595E8E003A99E3 /* SettingsViewController.swift */,
			);
			path = Settings;
			sourceTree = "<group>";
		};
		63EE303C225DC087003A99E3 /* Discover Data Sources */ = {
			isa = PBXGroup;
			children = (
				63EE303D225DC087003A99E3 /* EnergyDataSource.swift */,
				63A863F9225F1CD10045E96B /* SleepDataSource.swift */,
				63A863FB225F1D360045E96B /* RelaxBlends.swift */,
			);
			path = "Discover Data Sources";
			sourceTree = "<group>";
		};
		63F1244522169BE3009D240D /* Extensions */ = {
			isa = PBXGroup;
			children = (
				63EE2FFA22595CC7003A99E3 /* Notifications.swift */,
				63033558220F527300256800 /* FirebaseManager+Errors.swift */,
				6303355A220F540900256800 /* ViewController+Alert.swift */,
				63F1244322167132009D240D /* ViewController+Keyboard.swift */,
				63F1244622169C0F009D240D /* Date+Conversions.swift */,
			);
			path = Extensions;
			sourceTree = "<group>";
		};
		664C000DB91C99A8AA6D2108 /* Frameworks */ = {
			isa = PBXGroup;
			children = (
				6FD409E034804E97A7AA7507 /* Pods_MelloApp.framework */,
				810CC030611815222760D61D /* Pods_MelloAppTests.framework */,
				CFFB43605F7FB7A17C359B76 /* Pods_MelloAppUITests.framework */,
			);
			name = Frameworks;
			sourceTree = "<group>";
		};
		849C701B224AD6CA00AE9494 /* Storyboards */ = {
			isa = PBXGroup;
			children = (
				63EE303A225DC01A003A99E3 /* BlendDetails.storyboard */,
				63EE3038225DC007003A99E3 /* Discover.storyboard */,
				634F6D5421FED0FC00C665A7 /* Login.storyboard */,
				84C27469222364C40050A011 /* Onboarding.storyboard */,
				842D77C52242D8AA00BF557C /* TabBarController.storyboard */,
				63EE2FFC22595DFA003A99E3 /* Menu.storyboard */,
				84E5450522594DEC00DDB89B /* Home.storyboard */,
				84E5450822594DEC00DDB89B /* Profile.storyboard */,
			);
			path = Storyboards;
			sourceTree = "<group>";
		};
		849C701C224AD6E500AE9494 /* Onboarding */ = {
			isa = PBXGroup;
			children = (
				840D3B05223612A600004A9D /* MLOProgressCircle.swift */,
				84984F8722416B340087D8D2 /* MLOOnboardingFinishViewController.swift */,
				84C2746B222364F20050A011 /* MLOListOptionViewController.swift */,
				840D3AFF2235F48D00004A9D /* MLOGridOptionViewController.swift */,
				84C2746F222479330050A011 /* MLOSelectableOption.swift */,
				840D3AFD2234C75A00004A9D /* MLODatePickerViewController.swift */,
			);
			path = Onboarding;
			sourceTree = "<group>";
		};
		849C701D224AD6F900AE9494 /* UI components */ = {
			isa = PBXGroup;
			children = (
				849C7013224AD30800AE9494 /* MLORoundCollectionViewCell.swift */,
				6343D05F22082B0900B790E0 /* LongButton.swift */,
			);
			path = "UI components";
			sourceTree = "<group>";
		};
		849C701E224AD70400AE9494 /* Home CV Data Sources */ = {
			isa = PBXGroup;
			children = (
				84CAC4C3224ACC8A0067EA2A /* ScheduleDataSource.swift */,
				84CAC4C5224ACCC30067EA2A /* FavoritesDataSource.swift */,
				84E5450122590DDB00DDB89B /* DailyScheduleDataSource.swift */,
				84CAC4C7224ACCEC0067EA2A /* RecommendationsDataSource.swift */,
			);
			path = "Home CV Data Sources";
			sourceTree = "<group>";
		};
		957105727EE7E60245382258 /* Pods */ = {
			isa = PBXGroup;
			children = (
				976B864F35282323BB8366DA /* Pods-MelloApp.debug.xcconfig */,
				1FB36549886C1D17AD84C6C2 /* Pods-MelloApp.release.xcconfig */,
				67A5C89323A68CE81AE66E1D /* Pods-MelloAppTests.debug.xcconfig */,
				E6DF8E544605BFEA41D53B02 /* Pods-MelloAppTests.release.xcconfig */,
				334ACFBD35D65D4579682BC6 /* Pods-MelloAppUITests.debug.xcconfig */,
				992C65D75A81012ABBDA7531 /* Pods-MelloAppUITests.release.xcconfig */,
			);
			name = Pods;
			sourceTree = "<group>";
		};
/* End PBXGroup section */

/* Begin PBXNativeTarget section */
		634F6D4C21FED0FC00C665A7 /* MelloApp */ = {
			isa = PBXNativeTarget;
			buildConfigurationList = 634F6D7521FED0FD00C665A7 /* Build configuration list for PBXNativeTarget "MelloApp" */;
			buildPhases = (
				C6BF2536D59F338249BB1250 /* [CP] Check Pods Manifest.lock */,
				634F6D4921FED0FC00C665A7 /* Sources */,
				634F6D4A21FED0FC00C665A7 /* Frameworks */,
				634F6D4B21FED0FC00C665A7 /* Resources */,
				F50E427F4201BF434A1A7FCE /* [CP] Embed Pods Frameworks */,
				151E99A1C48E5FEFA6A8C09F /* [CP] Copy Pods Resources */,
			);
			buildRules = (
			);
			dependencies = (
			);
			name = MelloApp;
			productName = MelloApp;
			productReference = 634F6D4D21FED0FC00C665A7 /* MelloApp.app */;
			productType = "com.apple.product-type.application";
		};
		634F6D6021FED0FC00C665A7 /* MelloAppTests */ = {
			isa = PBXNativeTarget;
			buildConfigurationList = 634F6D7821FED0FD00C665A7 /* Build configuration list for PBXNativeTarget "MelloAppTests" */;
			buildPhases = (
				2E40596A4E04101A7DF26009 /* [CP] Check Pods Manifest.lock */,
				634F6D5D21FED0FC00C665A7 /* Sources */,
				634F6D5E21FED0FC00C665A7 /* Frameworks */,
				634F6D5F21FED0FC00C665A7 /* Resources */,
				BB073978592EA8977D501A77 /* [CP] Embed Pods Frameworks */,
				1046FBB366F62CACA1411D2D /* [CP] Copy Pods Resources */,
			);
			buildRules = (
			);
			dependencies = (
				634F6D6321FED0FC00C665A7 /* PBXTargetDependency */,
			);
			name = MelloAppTests;
			productName = MelloAppTests;
			productReference = 634F6D6121FED0FC00C665A7 /* MelloAppTests.xctest */;
			productType = "com.apple.product-type.bundle.unit-test";
		};
		634F6D6B21FED0FD00C665A7 /* MelloAppUITests */ = {
			isa = PBXNativeTarget;
			buildConfigurationList = 634F6D7B21FED0FD00C665A7 /* Build configuration list for PBXNativeTarget "MelloAppUITests" */;
			buildPhases = (
				AD291728C01CA876EAE89532 /* [CP] Check Pods Manifest.lock */,
				634F6D6821FED0FD00C665A7 /* Sources */,
				634F6D6921FED0FD00C665A7 /* Frameworks */,
				634F6D6A21FED0FD00C665A7 /* Resources */,
				DC7FBFBC3B61A81FA0D6D05A /* [CP] Embed Pods Frameworks */,
				85D620B5B87FFC8B7B6AEF29 /* [CP] Copy Pods Resources */,
			);
			buildRules = (
			);
			dependencies = (
				634F6D6E21FED0FD00C665A7 /* PBXTargetDependency */,
			);
			name = MelloAppUITests;
			productName = MelloAppUITests;
			productReference = 634F6D6C21FED0FD00C665A7 /* MelloAppUITests.xctest */;
			productType = "com.apple.product-type.bundle.ui-testing";
		};
/* End PBXNativeTarget section */

/* Begin PBXProject section */
		634F6D4521FED0FC00C665A7 /* Project object */ = {
			isa = PBXProject;
			attributes = {
				LastSwiftUpdateCheck = 0900;
				LastUpgradeCheck = 0900;
				ORGANIZATIONNAME = "Suraya Shivji";
				TargetAttributes = {
					634F6D4C21FED0FC00C665A7 = {
						CreatedOnToolsVersion = 9.0;
						ProvisioningStyle = Automatic;
					};
					634F6D6021FED0FC00C665A7 = {
						CreatedOnToolsVersion = 9.0;
						ProvisioningStyle = Automatic;
						TestTargetID = 634F6D4C21FED0FC00C665A7;
					};
					634F6D6B21FED0FD00C665A7 = {
						CreatedOnToolsVersion = 9.0;
						ProvisioningStyle = Automatic;
						TestTargetID = 634F6D4C21FED0FC00C665A7;
					};
				};
			};
			buildConfigurationList = 634F6D4821FED0FC00C665A7 /* Build configuration list for PBXProject "MelloApp" */;
			compatibilityVersion = "Xcode 8.0";
			developmentRegion = en;
			hasScannedForEncodings = 0;
			knownRegions = (
				en,
				Base,
			);
			mainGroup = 634F6D4421FED0FC00C665A7;
			productRefGroup = 634F6D4E21FED0FC00C665A7 /* Products */;
			projectDirPath = "";
			projectRoot = "";
			targets = (
				634F6D4C21FED0FC00C665A7 /* MelloApp */,
				634F6D6021FED0FC00C665A7 /* MelloAppTests */,
				634F6D6B21FED0FD00C665A7 /* MelloAppUITests */,
			);
		};
/* End PBXProject section */

/* Begin PBXResourcesBuildPhase section */
		634F6D4B21FED0FC00C665A7 /* Resources */ = {
			isa = PBXResourcesBuildPhase;
			buildActionMask = 2147483647;
			files = (
				63EE301D22595E8E003A99E3 /* FaceToggle.xib in Resources */,
				63EE302B22595E8E003A99E3 /* Settings.storyboard in Resources */,
				842D77C62242D8AA00BF557C /* TabBarController.storyboard in Resources */,
				63EE302C22595E8E003A99E3 /* PreferenceButton.xib in Resources */,
				63EE2FFD22595DFA003A99E3 /* Menu.storyboard in Resources */,
				63B0DFCE2217B60C0031BE51 /* homelogo.png in Resources */,
				634F6D5B21FED0FC00C665A7 /* LaunchScreen.storyboard in Resources */,
				63033552220E9BCB00256800 /* GoogleService-Info.plist in Resources */,
				84E5450922594DED00DDB89B /* Home.storyboard in Resources */,
				63EE301922595E8E003A99E3 /* DevicesAndIntegrations.storyboard in Resources */,
				63B0DFC72217B4510031BE51 /* blob.gif in Resources */,
				63EE303B225DC01A003A99E3 /* BlendDetails.storyboard in Resources */,
				63B0DFCB2217B46F0031BE51 /* navlogo.png in Resources */,
				84E5450C22594DED00DDB89B /* Profile.storyboard in Resources */,
				634F6D5821FED0FC00C665A7 /* Assets.xcassets in Resources */,
				63EE301B22595E8E003A99E3 /* Ratings.storyboard in Resources */,
				634F6D5621FED0FC00C665A7 /* Login.storyboard in Resources */,
				84C2746A222364C40050A011 /* Onboarding.storyboard in Resources */,
				63EE3039225DC007003A99E3 /* Discover.storyboard in Resources */,
			);
			runOnlyForDeploymentPostprocessing = 0;
		};
		634F6D5F21FED0FC00C665A7 /* Resources */ = {
			isa = PBXResourcesBuildPhase;
			buildActionMask = 2147483647;
			files = (
			);
			runOnlyForDeploymentPostprocessing = 0;
		};
		634F6D6A21FED0FD00C665A7 /* Resources */ = {
			isa = PBXResourcesBuildPhase;
			buildActionMask = 2147483647;
			files = (
			);
			runOnlyForDeploymentPostprocessing = 0;
		};
/* End PBXResourcesBuildPhase section */

/* Begin PBXShellScriptBuildPhase section */
		1046FBB366F62CACA1411D2D /* [CP] Copy Pods Resources */ = {
			isa = PBXShellScriptBuildPhase;
			buildActionMask = 2147483647;
			files = (
			);
			inputPaths = (
			);
			name = "[CP] Copy Pods Resources";
			outputPaths = (
			);
			runOnlyForDeploymentPostprocessing = 0;
			shellPath = /bin/sh;
			shellScript = "\"${SRCROOT}/Pods/Target Support Files/Pods-MelloAppTests/Pods-MelloAppTests-resources.sh\"\n";
			showEnvVarsInLog = 0;
		};
		151E99A1C48E5FEFA6A8C09F /* [CP] Copy Pods Resources */ = {
			isa = PBXShellScriptBuildPhase;
			buildActionMask = 2147483647;
			files = (
			);
			inputPaths = (
			);
			name = "[CP] Copy Pods Resources";
			outputPaths = (
			);
			runOnlyForDeploymentPostprocessing = 0;
			shellPath = /bin/sh;
			shellScript = "\"${SRCROOT}/Pods/Target Support Files/Pods-MelloApp/Pods-MelloApp-resources.sh\"\n";
			showEnvVarsInLog = 0;
		};
		2E40596A4E04101A7DF26009 /* [CP] Check Pods Manifest.lock */ = {
			isa = PBXShellScriptBuildPhase;
			buildActionMask = 2147483647;
			files = (
			);
			inputPaths = (
				"${PODS_PODFILE_DIR_PATH}/Podfile.lock",
				"${PODS_ROOT}/Manifest.lock",
			);
			name = "[CP] Check Pods Manifest.lock";
			outputPaths = (
				"$(DERIVED_FILE_DIR)/Pods-MelloAppTests-checkManifestLockResult.txt",
			);
			runOnlyForDeploymentPostprocessing = 0;
			shellPath = /bin/sh;
			shellScript = "diff \"${PODS_PODFILE_DIR_PATH}/Podfile.lock\" \"${PODS_ROOT}/Manifest.lock\" > /dev/null\nif [ $? != 0 ] ; then\n    # print error to STDERR\n    echo \"error: The sandbox is not in sync with the Podfile.lock. Run 'pod install' or update your CocoaPods installation.\" >&2\n    exit 1\nfi\n# This output is used by Xcode 'outputs' to avoid re-running this script phase.\necho \"SUCCESS\" > \"${SCRIPT_OUTPUT_FILE_0}\"\n";
			showEnvVarsInLog = 0;
		};
		85D620B5B87FFC8B7B6AEF29 /* [CP] Copy Pods Resources */ = {
			isa = PBXShellScriptBuildPhase;
			buildActionMask = 2147483647;
			files = (
			);
			inputPaths = (
			);
			name = "[CP] Copy Pods Resources";
			outputPaths = (
			);
			runOnlyForDeploymentPostprocessing = 0;
			shellPath = /bin/sh;
			shellScript = "\"${SRCROOT}/Pods/Target Support Files/Pods-MelloAppUITests/Pods-MelloAppUITests-resources.sh\"\n";
			showEnvVarsInLog = 0;
		};
		AD291728C01CA876EAE89532 /* [CP] Check Pods Manifest.lock */ = {
			isa = PBXShellScriptBuildPhase;
			buildActionMask = 2147483647;
			files = (
			);
			inputPaths = (
				"${PODS_PODFILE_DIR_PATH}/Podfile.lock",
				"${PODS_ROOT}/Manifest.lock",
			);
			name = "[CP] Check Pods Manifest.lock";
			outputPaths = (
				"$(DERIVED_FILE_DIR)/Pods-MelloAppUITests-checkManifestLockResult.txt",
			);
			runOnlyForDeploymentPostprocessing = 0;
			shellPath = /bin/sh;
			shellScript = "diff \"${PODS_PODFILE_DIR_PATH}/Podfile.lock\" \"${PODS_ROOT}/Manifest.lock\" > /dev/null\nif [ $? != 0 ] ; then\n    # print error to STDERR\n    echo \"error: The sandbox is not in sync with the Podfile.lock. Run 'pod install' or update your CocoaPods installation.\" >&2\n    exit 1\nfi\n# This output is used by Xcode 'outputs' to avoid re-running this script phase.\necho \"SUCCESS\" > \"${SCRIPT_OUTPUT_FILE_0}\"\n";
			showEnvVarsInLog = 0;
		};
		BB073978592EA8977D501A77 /* [CP] Embed Pods Frameworks */ = {
			isa = PBXShellScriptBuildPhase;
			buildActionMask = 2147483647;
			files = (
			);
			inputPaths = (
			);
			name = "[CP] Embed Pods Frameworks";
			outputPaths = (
			);
			runOnlyForDeploymentPostprocessing = 0;
			shellPath = /bin/sh;
			shellScript = "\"${SRCROOT}/Pods/Target Support Files/Pods-MelloAppTests/Pods-MelloAppTests-frameworks.sh\"\n";
			showEnvVarsInLog = 0;
		};
		C6BF2536D59F338249BB1250 /* [CP] Check Pods Manifest.lock */ = {
			isa = PBXShellScriptBuildPhase;
			buildActionMask = 2147483647;
			files = (
			);
			inputPaths = (
				"${PODS_PODFILE_DIR_PATH}/Podfile.lock",
				"${PODS_ROOT}/Manifest.lock",
			);
			name = "[CP] Check Pods Manifest.lock";
			outputPaths = (
				"$(DERIVED_FILE_DIR)/Pods-MelloApp-checkManifestLockResult.txt",
			);
			runOnlyForDeploymentPostprocessing = 0;
			shellPath = /bin/sh;
			shellScript = "diff \"${PODS_PODFILE_DIR_PATH}/Podfile.lock\" \"${PODS_ROOT}/Manifest.lock\" > /dev/null\nif [ $? != 0 ] ; then\n    # print error to STDERR\n    echo \"error: The sandbox is not in sync with the Podfile.lock. Run 'pod install' or update your CocoaPods installation.\" >&2\n    exit 1\nfi\n# This output is used by Xcode 'outputs' to avoid re-running this script phase.\necho \"SUCCESS\" > \"${SCRIPT_OUTPUT_FILE_0}\"\n";
			showEnvVarsInLog = 0;
		};
		DC7FBFBC3B61A81FA0D6D05A /* [CP] Embed Pods Frameworks */ = {
			isa = PBXShellScriptBuildPhase;
			buildActionMask = 2147483647;
			files = (
			);
			inputPaths = (
			);
			name = "[CP] Embed Pods Frameworks";
			outputPaths = (
			);
			runOnlyForDeploymentPostprocessing = 0;
			shellPath = /bin/sh;
			shellScript = "\"${SRCROOT}/Pods/Target Support Files/Pods-MelloAppUITests/Pods-MelloAppUITests-frameworks.sh\"\n";
			showEnvVarsInLog = 0;
		};
		F50E427F4201BF434A1A7FCE /* [CP] Embed Pods Frameworks */ = {
			isa = PBXShellScriptBuildPhase;
			buildActionMask = 2147483647;
			files = (
			);
			inputPaths = (
				"${SRCROOT}/Pods/Target Support Files/Pods-MelloApp/Pods-MelloApp-frameworks.sh",
				"${BUILT_PRODUCTS_DIR}/AFNetworking/AFNetworking.framework",
				"${BUILT_PRODUCTS_DIR}/FLAnimatedImage/FLAnimatedImage.framework",
				"${BUILT_PRODUCTS_DIR}/GTMSessionFetcher/GTMSessionFetcher.framework",
				"${BUILT_PRODUCTS_DIR}/GoogleToolboxForMac/GoogleToolboxForMac.framework",
				"${BUILT_PRODUCTS_DIR}/MMDrawerController/MMDrawerController.framework",
				"${BUILT_PRODUCTS_DIR}/Particle-SDK/Particle_SDK.framework",
				"${BUILT_PRODUCTS_DIR}/SwiftyJSON/SwiftyJSON.framework",
				"${BUILT_PRODUCTS_DIR}/UIImageViewAlignedSwift/UIImageViewAlignedSwift.framework",
				"${BUILT_PRODUCTS_DIR}/nanopb/nanopb.framework",
			);
			name = "[CP] Embed Pods Frameworks";
			outputPaths = (
				"${TARGET_BUILD_DIR}/${FRAMEWORKS_FOLDER_PATH}/AFNetworking.framework",
				"${TARGET_BUILD_DIR}/${FRAMEWORKS_FOLDER_PATH}/FLAnimatedImage.framework",
				"${TARGET_BUILD_DIR}/${FRAMEWORKS_FOLDER_PATH}/GTMSessionFetcher.framework",
				"${TARGET_BUILD_DIR}/${FRAMEWORKS_FOLDER_PATH}/GoogleToolboxForMac.framework",
				"${TARGET_BUILD_DIR}/${FRAMEWORKS_FOLDER_PATH}/MMDrawerController.framework",
				"${TARGET_BUILD_DIR}/${FRAMEWORKS_FOLDER_PATH}/Particle_SDK.framework",
				"${TARGET_BUILD_DIR}/${FRAMEWORKS_FOLDER_PATH}/SwiftyJSON.framework",
				"${TARGET_BUILD_DIR}/${FRAMEWORKS_FOLDER_PATH}/UIImageViewAlignedSwift.framework",
				"${TARGET_BUILD_DIR}/${FRAMEWORKS_FOLDER_PATH}/nanopb.framework",
			);
			runOnlyForDeploymentPostprocessing = 0;
			shellPath = /bin/sh;
			shellScript = "\"${SRCROOT}/Pods/Target Support Files/Pods-MelloApp/Pods-MelloApp-frameworks.sh\"\n";
			showEnvVarsInLog = 0;
		};
/* End PBXShellScriptBuildPhase section */

/* Begin PBXSourcesBuildPhase section */
		634F6D4921FED0FC00C665A7 /* Sources */ = {
			isa = PBXSourcesBuildPhase;
			buildActionMask = 2147483647;
			files = (
				842D77D822440D3600BF557C /* MLOHamburgerMenuViewController.swift in Sources */,
				63EE301A22595E8E003A99E3 /* DeviceAndIntegrationsViewController.swift in Sources */,
				842D77D12242DE6700BF557C /* MLODrawerController.swift in Sources */,
				63F1244722169C0F009D240D /* Date+Conversions.swift in Sources */,
				84E5450222590DDB00DDB89B /* DailyScheduleDataSource.swift in Sources */,
				8458EB8022594E940077EE95 /* LoginViewController.swift in Sources */,
				8458EB9022594EF70077EE95 /* HomeViewController.swift in Sources */,
				634F6D5121FED0FC00C665A7 /* AppDelegate.swift in Sources */,
				8458EB8F22594EF70077EE95 /* HorizontalCollectionView.swift in Sources */,
				84C2746C222364F20050A011 /* MLOListOptionViewController.swift in Sources */,
				842D77D622440B2500BF557C /* MLOHomeViewController.swift in Sources */,
				63EE302722595E8E003A99E3 /* SettingsTableViewCell.swift in Sources */,
				63EE2FFF22595E15003A99E3 /* SideMenuViewController.swift in Sources */,
				6303355B220F540900256800 /* ViewController+Alert.swift in Sources */,
				63EE2FF822595C9B003A99E3 /* ModalPresentationAnimationVC.swift in Sources */,
				84CAC4C0224ACB060067EA2A /* MLODateCollectionViewCell.swift in Sources */,
				63A863FA225F1CD10045E96B /* SleepDataSource.swift in Sources */,
				63EE2FF222595C73003A99E3 /* PreferenceButton.swift in Sources */,
				840D3B002235F48D00004A9D /* MLOGridOptionViewController.swift in Sources */,
				636468EE224624D900A76A95 /* HistoryTableViewCell.swift in Sources */,
				63F1244422167132009D240D /* ViewController+Keyboard.swift in Sources */,
				63EE302322595E8E003A99E3 /* SmellRatingViewController.swift in Sources */,
				84E5450022590CFD00DDB89B /* ScheduleItemTableViewCell.swift in Sources */,
				63EE2FF122595C73003A99E3 /* FaceToggle.swift in Sources */,
				63EE303022595F1E003A99E3 /* HomeContainerViewController.swift in Sources */,
				8458EB8622594E9D0077EE95 /* CustomTextField.swift in Sources */,
				63EE302922595E8E003A99E3 /* PreferrencesTableViewCell.swift in Sources */,
				63EE302422595E8E003A99E3 /* FaceToggleView.swift in Sources */,
				84CAC4C8224ACCEC0067EA2A /* RecommendationsDataSource.swift in Sources */,
				63EE301C22595E8E003A99E3 /* EnergizerRatingViewController.swift in Sources */,
				8458EB9222594EF70077EE95 /* MLOOnboardingViewController.swift in Sources */,
				8458EB8422594E940077EE95 /* MLOOptionTableViewCell.swift in Sources */,
				63EE2FF722595C9B003A99E3 /* ModalBaseVC.swift in Sources */,
				840D3B06223612A600004A9D /* MLOProgressCircle.swift in Sources */,
				63EE301F22595E8E003A99E3 /* Ratings.swift in Sources */,
				84CAC4C2224ACB160067EA2A /* MLOScentCollectionViewCell.swift in Sources */,
				63EE2FF022595C73003A99E3 /* CustomSwitch.swift in Sources */,
				849C7024224B460400AE9494 /* BannerPresenter.swift in Sources */,
				8458EB8322594E940077EE95 /* MLOGridOptionCollectionViewCell.swift in Sources */,
				84CAC4C6224ACCC30067EA2A /* FavoritesDataSource.swift in Sources */,
				63EE2FF922595C9B003A99E3 /* ModalPresentationVC.swift in Sources */,
				63EE302A22595E8E003A99E3 /* PreferenceCollectionViewCell.swift in Sources */,
				84984F8922416FF10087D8D2 /* MLOOnboardingFinishViewController.swift in Sources */,
				63EE301E22595E8E003A99E3 /* ThanksViewController.swift in Sources */,
				63EE302022595E8E003A99E3 /* RatingsViewController.swift in Sources */,
				63EE303E225DC087003A99E3 /* EnergyDataSource.swift in Sources */,
				63EE302122595E8E003A99E3 /* RepeatBlendRatingViewController.swift in Sources */,
				6343D06022082B0900B790E0 /* LongButton.swift in Sources */,
				636468E522454B1000A76A95 /* CustomTabBar.swift in Sources */,
				63EE302622595E8E003A99E3 /* PreferencesViewController.swift in Sources */,
				84C27470222479330050A011 /* MLOSelectableOption.swift in Sources */,
				63033559220F527300256800 /* FirebaseManager+Errors.swift in Sources */,
				63EE302822595E8E003A99E3 /* SettingsNavViewController.swift in Sources */,
				8458EB8222594E940077EE95 /* ResetPasswordViewController.swift in Sources */,
				63033554220EA5B000256800 /* FirebaseManager.swift in Sources */,
				636468E92245C25300A76A95 /* StatsView.swift in Sources */,
				849C7014224AD30800AE9494 /* MLORoundCollectionViewCell.swift in Sources */,
				63EE2FFB22595CC7003A99E3 /* Notifications.swift in Sources */,
				8458EB9122594EF70077EE95 /* MLOOnboardingNavigationController.swift in Sources */,
				63EE3044225DC5D4003A99E3 /* BlendDetailsViewController.swift in Sources */,
				63A863FC225F1D360045E96B /* RelaxBlends.swift in Sources */,
				63EE3040225DC0C1003A99E3 /* DiscoverViewController.swift in Sources */,
				84E545042259204B00DDB89B /* InsetCollectionView.swift in Sources */,
				6343D06222082B3700B790E0 /* ColorPalette.swift in Sources */,
				840D3AFE2234C75A00004A9D /* MLODatePickerViewController.swift in Sources */,
				849C7022224AD94E00AE9494 /* UserScentManager.swift in Sources */,
				63EE302522595E8E003A99E3 /* EditProfileViewController.swift in Sources */,
				84CAC4C4224ACC8A0067EA2A /* ScheduleDataSource.swift in Sources */,
				8458EB8D22594EF70077EE95 /* ProfileViewController.swift in Sources */,
				63EE302E22595E8E003A99E3 /* SettingsViewController.swift in Sources */,
				8458EB7F22594E940077EE95 /* SignUpViewController.swift in Sources */,
				63EE302222595E8E003A99E3 /* RatingsPageViewController.swift in Sources */,
				63EE302D22595E8E003A99E3 /* PreferenceButtonView.swift in Sources */,
				8458EB8122594E940077EE95 /* MLOScentOptionCollectionViewCell.swift in Sources */,
			);
			runOnlyForDeploymentPostprocessing = 0;
		};
		634F6D5D21FED0FC00C665A7 /* Sources */ = {
			isa = PBXSourcesBuildPhase;
			buildActionMask = 2147483647;
			files = (
				634F6D6621FED0FD00C665A7 /* MelloAppTests.swift in Sources */,
			);
			runOnlyForDeploymentPostprocessing = 0;
		};
		634F6D6821FED0FD00C665A7 /* Sources */ = {
			isa = PBXSourcesBuildPhase;
			buildActionMask = 2147483647;
			files = (
				634F6D7121FED0FD00C665A7 /* MelloAppUITests.swift in Sources */,
			);
			runOnlyForDeploymentPostprocessing = 0;
		};
/* End PBXSourcesBuildPhase section */

/* Begin PBXTargetDependency section */
		634F6D6321FED0FC00C665A7 /* PBXTargetDependency */ = {
			isa = PBXTargetDependency;
			target = 634F6D4C21FED0FC00C665A7 /* MelloApp */;
			targetProxy = 634F6D6221FED0FC00C665A7 /* PBXContainerItemProxy */;
		};
		634F6D6E21FED0FD00C665A7 /* PBXTargetDependency */ = {
			isa = PBXTargetDependency;
			target = 634F6D4C21FED0FC00C665A7 /* MelloApp */;
			targetProxy = 634F6D6D21FED0FD00C665A7 /* PBXContainerItemProxy */;
		};
/* End PBXTargetDependency section */

/* Begin PBXVariantGroup section */
		634F6D5421FED0FC00C665A7 /* Login.storyboard */ = {
			isa = PBXVariantGroup;
			children = (
				634F6D5521FED0FC00C665A7 /* Base */,
			);
			name = Login.storyboard;
			sourceTree = "<group>";
		};
		634F6D5921FED0FC00C665A7 /* LaunchScreen.storyboard */ = {
			isa = PBXVariantGroup;
			children = (
				634F6D5A21FED0FC00C665A7 /* Base */,
			);
			name = LaunchScreen.storyboard;
			sourceTree = "<group>";
		};
/* End PBXVariantGroup section */

/* Begin XCBuildConfiguration section */
		634F6D7321FED0FD00C665A7 /* Debug */ = {
			isa = XCBuildConfiguration;
			buildSettings = {
				ALWAYS_SEARCH_USER_PATHS = NO;
				CLANG_ANALYZER_NONNULL = YES;
				CLANG_ANALYZER_NUMBER_OBJECT_CONVERSION = YES_AGGRESSIVE;
				CLANG_CXX_LANGUAGE_STANDARD = "gnu++14";
				CLANG_CXX_LIBRARY = "libc++";
				CLANG_ENABLE_MODULES = YES;
				CLANG_ENABLE_OBJC_ARC = YES;
				CLANG_WARN_BLOCK_CAPTURE_AUTORELEASING = YES;
				CLANG_WARN_BOOL_CONVERSION = YES;
				CLANG_WARN_COMMA = YES;
				CLANG_WARN_CONSTANT_CONVERSION = YES;
				CLANG_WARN_DIRECT_OBJC_ISA_USAGE = YES_ERROR;
				CLANG_WARN_DOCUMENTATION_COMMENTS = YES;
				CLANG_WARN_EMPTY_BODY = YES;
				CLANG_WARN_ENUM_CONVERSION = YES;
				CLANG_WARN_INFINITE_RECURSION = YES;
				CLANG_WARN_INT_CONVERSION = YES;
				CLANG_WARN_NON_LITERAL_NULL_CONVERSION = YES;
				CLANG_WARN_OBJC_LITERAL_CONVERSION = YES;
				CLANG_WARN_OBJC_ROOT_CLASS = YES_ERROR;
				CLANG_WARN_RANGE_LOOP_ANALYSIS = YES;
				CLANG_WARN_STRICT_PROTOTYPES = YES;
				CLANG_WARN_SUSPICIOUS_MOVE = YES;
				CLANG_WARN_UNGUARDED_AVAILABILITY = YES_AGGRESSIVE;
				CLANG_WARN_UNREACHABLE_CODE = YES;
				CLANG_WARN__DUPLICATE_METHOD_MATCH = YES;
				CODE_SIGN_IDENTITY = "iPhone Developer";
				COPY_PHASE_STRIP = NO;
				DEBUG_INFORMATION_FORMAT = dwarf;
				ENABLE_STRICT_OBJC_MSGSEND = YES;
				ENABLE_TESTABILITY = YES;
				GCC_C_LANGUAGE_STANDARD = gnu11;
				GCC_DYNAMIC_NO_PIC = NO;
				GCC_NO_COMMON_BLOCKS = YES;
				GCC_OPTIMIZATION_LEVEL = 0;
				GCC_PREPROCESSOR_DEFINITIONS = (
					"DEBUG=1",
					"$(inherited)",
				);
				GCC_WARN_64_TO_32_BIT_CONVERSION = YES;
				GCC_WARN_ABOUT_RETURN_TYPE = YES_ERROR;
				GCC_WARN_UNDECLARED_SELECTOR = YES;
				GCC_WARN_UNINITIALIZED_AUTOS = YES_AGGRESSIVE;
				GCC_WARN_UNUSED_FUNCTION = YES;
				GCC_WARN_UNUSED_VARIABLE = YES;
				IPHONEOS_DEPLOYMENT_TARGET = 11.0;
				MTL_ENABLE_DEBUG_INFO = YES;
				ONLY_ACTIVE_ARCH = YES;
				SDKROOT = iphoneos;
				SWIFT_ACTIVE_COMPILATION_CONDITIONS = DEBUG;
				SWIFT_OBJC_BRIDGING_HEADER = "Mello-Bridging-Header.h";
				SWIFT_OPTIMIZATION_LEVEL = "-Onone";
				USER_HEADER_SEARCH_PATHS = "Pods/**";
			};
			name = Debug;
		};
		634F6D7421FED0FD00C665A7 /* Release */ = {
			isa = XCBuildConfiguration;
			buildSettings = {
				ALWAYS_SEARCH_USER_PATHS = NO;
				CLANG_ANALYZER_NONNULL = YES;
				CLANG_ANALYZER_NUMBER_OBJECT_CONVERSION = YES_AGGRESSIVE;
				CLANG_CXX_LANGUAGE_STANDARD = "gnu++14";
				CLANG_CXX_LIBRARY = "libc++";
				CLANG_ENABLE_MODULES = YES;
				CLANG_ENABLE_OBJC_ARC = YES;
				CLANG_WARN_BLOCK_CAPTURE_AUTORELEASING = YES;
				CLANG_WARN_BOOL_CONVERSION = YES;
				CLANG_WARN_COMMA = YES;
				CLANG_WARN_CONSTANT_CONVERSION = YES;
				CLANG_WARN_DIRECT_OBJC_ISA_USAGE = YES_ERROR;
				CLANG_WARN_DOCUMENTATION_COMMENTS = YES;
				CLANG_WARN_EMPTY_BODY = YES;
				CLANG_WARN_ENUM_CONVERSION = YES;
				CLANG_WARN_INFINITE_RECURSION = YES;
				CLANG_WARN_INT_CONVERSION = YES;
				CLANG_WARN_NON_LITERAL_NULL_CONVERSION = YES;
				CLANG_WARN_OBJC_LITERAL_CONVERSION = YES;
				CLANG_WARN_OBJC_ROOT_CLASS = YES_ERROR;
				CLANG_WARN_RANGE_LOOP_ANALYSIS = YES;
				CLANG_WARN_STRICT_PROTOTYPES = YES;
				CLANG_WARN_SUSPICIOUS_MOVE = YES;
				CLANG_WARN_UNGUARDED_AVAILABILITY = YES_AGGRESSIVE;
				CLANG_WARN_UNREACHABLE_CODE = YES;
				CLANG_WARN__DUPLICATE_METHOD_MATCH = YES;
				CODE_SIGN_IDENTITY = "iPhone Developer";
				COPY_PHASE_STRIP = NO;
				DEBUG_INFORMATION_FORMAT = "dwarf-with-dsym";
				ENABLE_NS_ASSERTIONS = NO;
				ENABLE_STRICT_OBJC_MSGSEND = YES;
				GCC_C_LANGUAGE_STANDARD = gnu11;
				GCC_NO_COMMON_BLOCKS = YES;
				GCC_WARN_64_TO_32_BIT_CONVERSION = YES;
				GCC_WARN_ABOUT_RETURN_TYPE = YES_ERROR;
				GCC_WARN_UNDECLARED_SELECTOR = YES;
				GCC_WARN_UNINITIALIZED_AUTOS = YES_AGGRESSIVE;
				GCC_WARN_UNUSED_FUNCTION = YES;
				GCC_WARN_UNUSED_VARIABLE = YES;
				IPHONEOS_DEPLOYMENT_TARGET = 11.0;
				MTL_ENABLE_DEBUG_INFO = NO;
				SDKROOT = iphoneos;
				SWIFT_OBJC_BRIDGING_HEADER = "Mello-Bridging-Header.h";
				SWIFT_OPTIMIZATION_LEVEL = "-Owholemodule";
				USER_HEADER_SEARCH_PATHS = "Pods/**";
				VALIDATE_PRODUCT = YES;
			};
			name = Release;
		};
		634F6D7621FED0FD00C665A7 /* Debug */ = {
			isa = XCBuildConfiguration;
			baseConfigurationReference = 976B864F35282323BB8366DA /* Pods-MelloApp.debug.xcconfig */;
			buildSettings = {
				ASSETCATALOG_COMPILER_APPICON_NAME = AppIcon;
				CODE_SIGN_STYLE = Automatic;
				DEVELOPMENT_TEAM = 6EN28SU484;
				INFOPLIST_FILE = MelloApp/Info.plist;
				LD_RUNPATH_SEARCH_PATHS = "$(inherited) @executable_path/Frameworks";
				PRODUCT_BUNDLE_IDENTIFIER = com.surayashivji.MelloApp;
				PRODUCT_NAME = "$(TARGET_NAME)";
				SWIFT_OBJC_BRIDGING_HEADER = "Mello-Bridging-Header.h";
				SWIFT_VERSION = 4.0;
				TARGETED_DEVICE_FAMILY = "1,2";
			};
			name = Debug;
		};
		634F6D7721FED0FD00C665A7 /* Release */ = {
			isa = XCBuildConfiguration;
			baseConfigurationReference = 1FB36549886C1D17AD84C6C2 /* Pods-MelloApp.release.xcconfig */;
			buildSettings = {
				ASSETCATALOG_COMPILER_APPICON_NAME = AppIcon;
				CODE_SIGN_STYLE = Automatic;
				DEVELOPMENT_TEAM = 6EN28SU484;
				INFOPLIST_FILE = MelloApp/Info.plist;
				LD_RUNPATH_SEARCH_PATHS = "$(inherited) @executable_path/Frameworks";
				PRODUCT_BUNDLE_IDENTIFIER = com.surayashivji.MelloApp;
				PRODUCT_NAME = "$(TARGET_NAME)";
				SWIFT_OBJC_BRIDGING_HEADER = "Mello-Bridging-Header.h";
				SWIFT_VERSION = 4.0;
				TARGETED_DEVICE_FAMILY = "1,2";
			};
			name = Release;
		};
		634F6D7921FED0FD00C665A7 /* Debug */ = {
			isa = XCBuildConfiguration;
			baseConfigurationReference = 67A5C89323A68CE81AE66E1D /* Pods-MelloAppTests.debug.xcconfig */;
			buildSettings = {
				ALWAYS_EMBED_SWIFT_STANDARD_LIBRARIES = YES;
				BUNDLE_LOADER = "$(TEST_HOST)";
				CODE_SIGN_STYLE = Automatic;
				DEVELOPMENT_TEAM = 97Q63CPWP2;
				INFOPLIST_FILE = MelloAppTests/Info.plist;
				LD_RUNPATH_SEARCH_PATHS = "$(inherited) @executable_path/Frameworks @loader_path/Frameworks";
				PRODUCT_BUNDLE_IDENTIFIER = com.surayashivji.MelloAppTests;
				PRODUCT_NAME = "$(TARGET_NAME)";
				SWIFT_VERSION = 4.0;
				TARGETED_DEVICE_FAMILY = "1,2";
				TEST_HOST = "$(BUILT_PRODUCTS_DIR)/MelloApp.app/MelloApp";
			};
			name = Debug;
		};
		634F6D7A21FED0FD00C665A7 /* Release */ = {
			isa = XCBuildConfiguration;
			baseConfigurationReference = E6DF8E544605BFEA41D53B02 /* Pods-MelloAppTests.release.xcconfig */;
			buildSettings = {
				ALWAYS_EMBED_SWIFT_STANDARD_LIBRARIES = YES;
				BUNDLE_LOADER = "$(TEST_HOST)";
				CODE_SIGN_STYLE = Automatic;
				DEVELOPMENT_TEAM = 97Q63CPWP2;
				INFOPLIST_FILE = MelloAppTests/Info.plist;
				LD_RUNPATH_SEARCH_PATHS = "$(inherited) @executable_path/Frameworks @loader_path/Frameworks";
				PRODUCT_BUNDLE_IDENTIFIER = com.surayashivji.MelloAppTests;
				PRODUCT_NAME = "$(TARGET_NAME)";
				SWIFT_VERSION = 4.0;
				TARGETED_DEVICE_FAMILY = "1,2";
				TEST_HOST = "$(BUILT_PRODUCTS_DIR)/MelloApp.app/MelloApp";
			};
			name = Release;
		};
		634F6D7C21FED0FD00C665A7 /* Debug */ = {
			isa = XCBuildConfiguration;
			baseConfigurationReference = 334ACFBD35D65D4579682BC6 /* Pods-MelloAppUITests.debug.xcconfig */;
			buildSettings = {
				ALWAYS_EMBED_SWIFT_STANDARD_LIBRARIES = YES;
				CODE_SIGN_STYLE = Automatic;
				DEVELOPMENT_TEAM = 97Q63CPWP2;
				INFOPLIST_FILE = MelloAppUITests/Info.plist;
				LD_RUNPATH_SEARCH_PATHS = "$(inherited) @executable_path/Frameworks @loader_path/Frameworks";
				PRODUCT_BUNDLE_IDENTIFIER = com.surayashivji.MelloAppUITests;
				PRODUCT_NAME = "$(TARGET_NAME)";
				SWIFT_VERSION = 4.0;
				TARGETED_DEVICE_FAMILY = "1,2";
				TEST_TARGET_NAME = MelloApp;
			};
			name = Debug;
		};
		634F6D7D21FED0FD00C665A7 /* Release */ = {
			isa = XCBuildConfiguration;
			baseConfigurationReference = 992C65D75A81012ABBDA7531 /* Pods-MelloAppUITests.release.xcconfig */;
			buildSettings = {
				ALWAYS_EMBED_SWIFT_STANDARD_LIBRARIES = YES;
				CODE_SIGN_STYLE = Automatic;
				DEVELOPMENT_TEAM = 97Q63CPWP2;
				INFOPLIST_FILE = MelloAppUITests/Info.plist;
				LD_RUNPATH_SEARCH_PATHS = "$(inherited) @executable_path/Frameworks @loader_path/Frameworks";
				PRODUCT_BUNDLE_IDENTIFIER = com.surayashivji.MelloAppUITests;
				PRODUCT_NAME = "$(TARGET_NAME)";
				SWIFT_VERSION = 4.0;
				TARGETED_DEVICE_FAMILY = "1,2";
				TEST_TARGET_NAME = MelloApp;
			};
			name = Release;
		};
/* End XCBuildConfiguration section */

/* Begin XCConfigurationList section */
		634F6D4821FED0FC00C665A7 /* Build configuration list for PBXProject "MelloApp" */ = {
			isa = XCConfigurationList;
			buildConfigurations = (
				634F6D7321FED0FD00C665A7 /* Debug */,
				634F6D7421FED0FD00C665A7 /* Release */,
			);
			defaultConfigurationIsVisible = 0;
			defaultConfigurationName = Release;
		};
		634F6D7521FED0FD00C665A7 /* Build configuration list for PBXNativeTarget "MelloApp" */ = {
			isa = XCConfigurationList;
			buildConfigurations = (
				634F6D7621FED0FD00C665A7 /* Debug */,
				634F6D7721FED0FD00C665A7 /* Release */,
			);
			defaultConfigurationIsVisible = 0;
			defaultConfigurationName = Release;
		};
		634F6D7821FED0FD00C665A7 /* Build configuration list for PBXNativeTarget "MelloAppTests" */ = {
			isa = XCConfigurationList;
			buildConfigurations = (
				634F6D7921FED0FD00C665A7 /* Debug */,
				634F6D7A21FED0FD00C665A7 /* Release */,
			);
			defaultConfigurationIsVisible = 0;
			defaultConfigurationName = Release;
		};
		634F6D7B21FED0FD00C665A7 /* Build configuration list for PBXNativeTarget "MelloAppUITests" */ = {
			isa = XCConfigurationList;
			buildConfigurations = (
				634F6D7C21FED0FD00C665A7 /* Debug */,
				634F6D7D21FED0FD00C665A7 /* Release */,
			);
			defaultConfigurationIsVisible = 0;
			defaultConfigurationName = Release;
		};
/* End XCConfigurationList section */
	};
	rootObject = 634F6D4521FED0FC00C665A7 /* Project object */;
}
